// !$*UTF8*$!
{
	archiveVersion = 1;
	classes = {
	};
	objectVersion = 46;
	objects = {

/* Begin PBXBuildFile section */
		A00BF1A81C4DCE1D00A40E30 /* libUMessage_Sdk_1.1.0.a in Frameworks */ = {isa = PBXBuildFile; fileRef = A00BF1A61C4DCE1D00A40E30 /* libUMessage_Sdk_1.1.0.a */; };
		A00BF1C41C4DCE2400A40E30 /* UMSocialLocalizable.strings in Resources */ = {isa = PBXBuildFile; fileRef = A00BF1AA1C4DCE2400A40E30 /* UMSocialLocalizable.strings */; };
		A00BF1C51C4DCE2400A40E30 /* libUMSocial_Sdk_4.2.3.a in Frameworks */ = {isa = PBXBuildFile; fileRef = A00BF1B81C4DCE2400A40E30 /* libUMSocial_Sdk_4.2.3.a */; };
		A00BF1C61C4DCE2400A40E30 /* UMSCommentDetailController.xib in Resources */ = {isa = PBXBuildFile; fileRef = A00BF1BA1C4DCE2400A40E30 /* UMSCommentDetailController.xib */; };
		A00BF1C71C4DCE2400A40E30 /* UMSCommentInputController.xib in Resources */ = {isa = PBXBuildFile; fileRef = A00BF1BB1C4DCE2400A40E30 /* UMSCommentInputController.xib */; };
		A00BF1C81C4DCE2400A40E30 /* UMSCommentInputControlleriPad.xib in Resources */ = {isa = PBXBuildFile; fileRef = A00BF1BC1C4DCE2400A40E30 /* UMSCommentInputControlleriPad.xib */; };
		A00BF1C91C4DCE2400A40E30 /* UMShareEditViewController.xib in Resources */ = {isa = PBXBuildFile; fileRef = A00BF1BD1C4DCE2400A40E30 /* UMShareEditViewController.xib */; };
		A00BF1CA1C4DCE2400A40E30 /* UMShareEditViewControlleriPad.xib in Resources */ = {isa = PBXBuildFile; fileRef = A00BF1BE1C4DCE2400A40E30 /* UMShareEditViewControlleriPad.xib */; };
		A00BF1CB1C4DCE2400A40E30 /* UMSLoginViewController.xib in Resources */ = {isa = PBXBuildFile; fileRef = A00BF1BF1C4DCE2400A40E30 /* UMSLoginViewController.xib */; };
		A00BF1CC1C4DCE2400A40E30 /* UMSnsAccountViewController.xib in Resources */ = {isa = PBXBuildFile; fileRef = A00BF1C01C4DCE2400A40E30 /* UMSnsAccountViewController.xib */; };
		A00BF1CD1C4DCE2400A40E30 /* UMSShareListController.xib in Resources */ = {isa = PBXBuildFile; fileRef = A00BF1C11C4DCE2400A40E30 /* UMSShareListController.xib */; };
		A00BF1CE1C4DCE2400A40E30 /* UMSocialSDKResourcesNew.bundle in Resources */ = {isa = PBXBuildFile; fileRef = A00BF1C21C4DCE2400A40E30 /* UMSocialSDKResourcesNew.bundle */; };
		A00BF1F41C4DCE3100A40E30 /* libSocialSina.a in Frameworks */ = {isa = PBXBuildFile; fileRef = A00BF1D11C4DCE3100A40E30 /* libSocialSina.a */; };
		A00BF1F51C4DCE3100A40E30 /* libSocialSinaSSO.a in Frameworks */ = {isa = PBXBuildFile; fileRef = A00BF1D41C4DCE3100A40E30 /* libSocialSinaSSO.a */; };
		A00BF1F61C4DCE3100A40E30 /* libWeiboSDK.a in Frameworks */ = {isa = PBXBuildFile; fileRef = A00BF1D51C4DCE3100A40E30 /* libWeiboSDK.a */; };
		A00BF1F71C4DCE3100A40E30 /* WeiboSDK.bundle in Resources */ = {isa = PBXBuildFile; fileRef = A00BF1DE1C4DCE3100A40E30 /* WeiboSDK.bundle */; };
		A00BF1F81C4DCE3100A40E30 /* libSocialQQ.a in Frameworks */ = {isa = PBXBuildFile; fileRef = A00BF1E21C4DCE3100A40E30 /* libSocialQQ.a */; };
		A00BF1F91C4DCE3100A40E30 /* TencentOpenAPI.framework in Frameworks */ = {isa = PBXBuildFile; fileRef = A00BF1E31C4DCE3100A40E30 /* TencentOpenAPI.framework */; };
		A00BF1FA1C4DCE3100A40E30 /* TencentOpenApi_IOS_Bundle.bundle in Resources */ = {isa = PBXBuildFile; fileRef = A00BF1E41C4DCE3100A40E30 /* TencentOpenApi_IOS_Bundle.bundle */; };
		A00BF1FB1C4DCE3100A40E30 /* ios-social-sdk-shake.html in Resources */ = {isa = PBXBuildFile; fileRef = A00BF1E71C4DCE3100A40E30 /* ios-social-sdk-shake.html */; };
		A00BF1FC1C4DCE3100A40E30 /* libUMSocial_Sdk_ScreenShot_1.0.a in Frameworks */ = {isa = PBXBuildFile; fileRef = A00BF1E81C4DCE3100A40E30 /* libUMSocial_Sdk_ScreenShot_1.0.a */; };
		A00BF1FD1C4DCE3100A40E30 /* ios-social-sdk-shake.html in Resources */ = {isa = PBXBuildFile; fileRef = A00BF1EB1C4DCE3100A40E30 /* ios-social-sdk-shake.html */; };
		A00BF1FE1C4DCE3100A40E30 /* libUMSocial_Sdk_Shake_1.0.a in Frameworks */ = {isa = PBXBuildFile; fileRef = A00BF1EC1C4DCE3100A40E30 /* libUMSocial_Sdk_Shake_1.0.a */; };
		A00BF1FF1C4DCE3100A40E30 /* libSocialWechat.a in Frameworks */ = {isa = PBXBuildFile; fileRef = A00BF1EF1C4DCE3100A40E30 /* libSocialWechat.a */; };
		A00BF2001C4DCE3100A40E30 /* libWeChatSDK.a in Frameworks */ = {isa = PBXBuildFile; fileRef = A00BF1F01C4DCE3100A40E30 /* libWeChatSDK.a */; };
		A00BF2051C4DCE3600A40E30 /* libMobClickLibrary.a in Frameworks */ = {isa = PBXBuildFile; fileRef = A00BF2021C4DCE3600A40E30 /* libMobClickLibrary.a */; };
		A019EECF1C17D43100BDDF1E /* whalespinclear.gif in Resources */ = {isa = PBXBuildFile; fileRef = A019EECE1C17D43100BDDF1E /* whalespinclear.gif */; };
		A019EED31C1816E200BDDF1E /* ExplainViewController.m in Sources */ = {isa = PBXBuildFile; fileRef = A019EED21C1816E200BDDF1E /* ExplainViewController.m */; };
		A019EED91C18205B00BDDF1E /* CMPopTipView.m in Sources */ = {isa = PBXBuildFile; fileRef = A019EED61C18205B00BDDF1E /* CMPopTipView.m */; };
		A019EEDA1C18205B00BDDF1E /* TipMaskView.m in Sources */ = {isa = PBXBuildFile; fileRef = A019EED81C18205B00BDDF1E /* TipMaskView.m */; };
		A01D86961BF2D9BE003B28A4 /* main.m in Sources */ = {isa = PBXBuildFile; fileRef = A01D86951BF2D9BE003B28A4 /* main.m */; };
		A01D86991BF2D9BE003B28A4 /* AppDelegate.m in Sources */ = {isa = PBXBuildFile; fileRef = A01D86981BF2D9BE003B28A4 /* AppDelegate.m */; };
		A01D869C1BF2D9BE003B28A4 /* Time.xcdatamodeld in Sources */ = {isa = PBXBuildFile; fileRef = A01D869A1BF2D9BE003B28A4 /* Time.xcdatamodeld */; };
		A01D86A21BF2D9BE003B28A4 /* Main.storyboard in Resources */ = {isa = PBXBuildFile; fileRef = A01D86A01BF2D9BE003B28A4 /* Main.storyboard */; };
		A01D86A41BF2D9BE003B28A4 /* Images.xcassets in Resources */ = {isa = PBXBuildFile; fileRef = A01D86A31BF2D9BE003B28A4 /* Images.xcassets */; };
		A01D86A71BF2D9BE003B28A4 /* LaunchScreen.xib in Resources */ = {isa = PBXBuildFile; fileRef = A01D86A51BF2D9BE003B28A4 /* LaunchScreen.xib */; };
		A01D86B31BF2D9BE003B28A4 /* TimeTests.m in Sources */ = {isa = PBXBuildFile; fileRef = A01D86B21BF2D9BE003B28A4 /* TimeTests.m */; };
		A01D86BE1BF2D9E3003B28A4 /* TimeIndexViewController.m in Sources */ = {isa = PBXBuildFile; fileRef = A01D86BD1BF2D9E3003B28A4 /* TimeIndexViewController.m */; };
		A01D86C01BF2DB21003B28A4 /* AssetsLibrary.framework in Frameworks */ = {isa = PBXBuildFile; fileRef = A01D86BF1BF2DB21003B28A4 /* AssetsLibrary.framework */; };
		A02DB18F1C0E99A200E8D85F /* DeleteView.m in Sources */ = {isa = PBXBuildFile; fileRef = A02DB18E1C0E99A200E8D85F /* DeleteView.m */; };
		A02DB1971C0EEDE800E8D85F /* UIColor+Colors.m in Sources */ = {isa = PBXBuildFile; fileRef = A02DB1941C0EEDE800E8D85F /* UIColor+Colors.m */; };
		A02DB1981C0EEDE800E8D85F /* UIFont+Fonts.m in Sources */ = {isa = PBXBuildFile; fileRef = A02DB1961C0EEDE800E8D85F /* UIFont+Fonts.m */; };
		A02DB19C1C0EFABF00E8D85F /* ALAssetsLibrary+CustomPhotoAlbum.m in Sources */ = {isa = PBXBuildFile; fileRef = A02DB19B1C0EFABF00E8D85F /* ALAssetsLibrary+CustomPhotoAlbum.m */; };
		A079E4FC1BF9788D0021D502 /* PicCollectionViewCell.m in Sources */ = {isa = PBXBuildFile; fileRef = A079E4FA1BF9788D0021D502 /* PicCollectionViewCell.m */; };
		A079E4FD1BF9788D0021D502 /* PicCollectionViewCell.xib in Resources */ = {isa = PBXBuildFile; fileRef = A079E4FB1BF9788D0021D502 /* PicCollectionViewCell.xib */; };
		A079E5521BF9BD2A0021D502 /* MKAnnotationView+WebCache.m in Sources */ = {isa = PBXBuildFile; fileRef = A079E5321BF9BD2A0021D502 /* MKAnnotationView+WebCache.m */; };
		A079E5531BF9BD2A0021D502 /* NSData+ImageContentType.m in Sources */ = {isa = PBXBuildFile; fileRef = A079E5341BF9BD2A0021D502 /* NSData+ImageContentType.m */; };
		A079E5541BF9BD2A0021D502 /* SDImageCache.m in Sources */ = {isa = PBXBuildFile; fileRef = A079E5361BF9BD2A0021D502 /* SDImageCache.m */; };
		A079E5551BF9BD2A0021D502 /* SDWebImageCompat.m in Sources */ = {isa = PBXBuildFile; fileRef = A079E5381BF9BD2A0021D502 /* SDWebImageCompat.m */; };
		A079E5561BF9BD2A0021D502 /* SDWebImageDecoder.m in Sources */ = {isa = PBXBuildFile; fileRef = A079E53A1BF9BD2A0021D502 /* SDWebImageDecoder.m */; };
		A079E5571BF9BD2A0021D502 /* SDWebImageDownloader.m in Sources */ = {isa = PBXBuildFile; fileRef = A079E53C1BF9BD2A0021D502 /* SDWebImageDownloader.m */; };
		A079E5581BF9BD2A0021D502 /* SDWebImageDownloaderOperation.m in Sources */ = {isa = PBXBuildFile; fileRef = A079E53E1BF9BD2A0021D502 /* SDWebImageDownloaderOperation.m */; };
		A079E5591BF9BD2A0021D502 /* SDWebImageManager.m in Sources */ = {isa = PBXBuildFile; fileRef = A079E5401BF9BD2A0021D502 /* SDWebImageManager.m */; };
		A079E55A1BF9BD2A0021D502 /* SDWebImagePrefetcher.m in Sources */ = {isa = PBXBuildFile; fileRef = A079E5431BF9BD2A0021D502 /* SDWebImagePrefetcher.m */; };
		A079E55B1BF9BD2A0021D502 /* UIButton+WebCache.m in Sources */ = {isa = PBXBuildFile; fileRef = A079E5451BF9BD2A0021D502 /* UIButton+WebCache.m */; };
		A079E55C1BF9BD2A0021D502 /* UIImage+GIF.m in Sources */ = {isa = PBXBuildFile; fileRef = A079E5471BF9BD2A0021D502 /* UIImage+GIF.m */; };
		A079E55D1BF9BD2A0021D502 /* UIImage+MultiFormat.m in Sources */ = {isa = PBXBuildFile; fileRef = A079E5491BF9BD2A0021D502 /* UIImage+MultiFormat.m */; };
		A079E55E1BF9BD2A0021D502 /* UIImage+WebP.m in Sources */ = {isa = PBXBuildFile; fileRef = A079E54B1BF9BD2A0021D502 /* UIImage+WebP.m */; };
		A079E55F1BF9BD2A0021D502 /* UIImageView+HighlightedWebCache.m in Sources */ = {isa = PBXBuildFile; fileRef = A079E54D1BF9BD2A0021D502 /* UIImageView+HighlightedWebCache.m */; };
		A079E5601BF9BD2A0021D502 /* UIImageView+WebCache.m in Sources */ = {isa = PBXBuildFile; fileRef = A079E54F1BF9BD2A0021D502 /* UIImageView+WebCache.m */; };
		A079E5611BF9BD2A0021D502 /* UIView+WebCacheOperation.m in Sources */ = {isa = PBXBuildFile; fileRef = A079E5511BF9BD2A0021D502 /* UIView+WebCacheOperation.m */; };
		A079E5681BFB07A80021D502 /* PuzzleImageEditView.m in Sources */ = {isa = PBXBuildFile; fileRef = A079E5671BFB07A80021D502 /* PuzzleImageEditView.m */; };
		A079E56B1BFB08500021D502 /* PuzzleViewController.m in Sources */ = {isa = PBXBuildFile; fileRef = A079E56A1BFB08500021D502 /* PuzzleViewController.m */; };
		A079E56D1BFB1E2C0021D502 /* CoreGraphics.framework in Frameworks */ = {isa = PBXBuildFile; fileRef = A079E56C1BFB1E2C0021D502 /* CoreGraphics.framework */; };
		A079E5711BFB20F00021D502 /* CEMovieMaker.m in Sources */ = {isa = PBXBuildFile; fileRef = A079E5701BFB20F00021D502 /* CEMovieMaker.m */; };
		A09F18C21BFEFA440046EC5C /* GlassBallView.m in Sources */ = {isa = PBXBuildFile; fileRef = A09F18C11BFEFA440046EC5C /* GlassBallView.m */; };
		A09F18C41BFEFA5D0046EC5C /* GlassBall.xib in Resources */ = {isa = PBXBuildFile; fileRef = A09F18C31BFEFA5D0046EC5C /* GlassBall.xib */; };
		A09F18CB1C004DE40046EC5C /* LeftMenuTVC.m in Sources */ = {isa = PBXBuildFile; fileRef = A09F18C91C004DE40046EC5C /* LeftMenuTVC.m */; };
		A09F18CC1C004DE40046EC5C /* LeftMenuTVC.xib in Resources */ = {isa = PBXBuildFile; fileRef = A09F18CA1C004DE40046EC5C /* LeftMenuTVC.xib */; };
		A09F19351C0071D10046EC5C /* MainViewController.m in Sources */ = {isa = PBXBuildFile; fileRef = A09F19341C0071D10046EC5C /* MainViewController.m */; };
		A0B7C7631BF4DB5D003F7C48 /* MediaPlayer.framework in Frameworks */ = {isa = PBXBuildFile; fileRef = A0B7C7621BF4DB5D003F7C48 /* MediaPlayer.framework */; };
		A0B7C7671BF57E13003F7C48 /* FacePicker.m in Sources */ = {isa = PBXBuildFile; fileRef = A0B7C7661BF57E13003F7C48 /* FacePicker.m */; };
		A0B7C76B1BF5BFF8003F7C48 /* CCProgressView.m in Sources */ = {isa = PBXBuildFile; fileRef = A0B7C76A1BF5BFF8003F7C48 /* CCProgressView.m */; };
		A0B7C76F1BF5E02B003F7C48 /* PicSelectViewController.m in Sources */ = {isa = PBXBuildFile; fileRef = A0B7C76E1BF5E02B003F7C48 /* PicSelectViewController.m */; };
		A0BA03171C0FEFAD00F5D9DA /* ResourceCollectionViewCell.m in Sources */ = {isa = PBXBuildFile; fileRef = A0BA03151C0FEFAD00F5D9DA /* ResourceCollectionViewCell.m */; };
		A0BA03181C0FEFAD00F5D9DA /* ResourceCollectionViewCell.xib in Resources */ = {isa = PBXBuildFile; fileRef = A0BA03161C0FEFAD00F5D9DA /* ResourceCollectionViewCell.xib */; };
		A0BA031A1C0FF17300F5D9DA /* AVFoundation.framework in Frameworks */ = {isa = PBXBuildFile; fileRef = A0BA03191C0FF17300F5D9DA /* AVFoundation.framework */; };
		A0BA031C1C0FF17D00F5D9DA /* CoreMedia.framework in Frameworks */ = {isa = PBXBuildFile; fileRef = A0BA031B1C0FF17D00F5D9DA /* CoreMedia.framework */; };
		A0BA03201C1046EB00F5D9DA /* VIPhotoView.m in Sources */ = {isa = PBXBuildFile; fileRef = A0BA031F1C1046EB00F5D9DA /* VIPhotoView.m */; };
		A0BA03231C10471900F5D9DA /* ImageShowViewController.m in Sources */ = {isa = PBXBuildFile; fileRef = A0BA03221C10471900F5D9DA /* ImageShowViewController.m */; };
		A0BA713D1BFC6E800058D92F /* GIFImage.m in Sources */ = {isa = PBXBuildFile; fileRef = A0BA713A1BFC6E800058D92F /* GIFImage.m */; };
		A0BA713E1BFC6E810058D92F /* GIFImageView.m in Sources */ = {isa = PBXBuildFile; fileRef = A0BA713C1BFC6E800058D92F /* GIFImageView.m */; };
		A0BA714B1BFDC0850058D92F /* InteractionTransitionAnimation.m in Sources */ = {isa = PBXBuildFile; fileRef = A0BA71431BFDC0850058D92F /* InteractionTransitionAnimation.m */; };
		A0BA714C1BFDC0850058D92F /* InteractiveTrasitionAnimation.m in Sources */ = {isa = PBXBuildFile; fileRef = A0BA71451BFDC0850058D92F /* InteractiveTrasitionAnimation.m */; };
		A0BA714D1BFDC0850058D92F /* PopTransition.m in Sources */ = {isa = PBXBuildFile; fileRef = A0BA71481BFDC0850058D92F /* PopTransition.m */; };
		A0BA714E1BFDC0850058D92F /* PushTransition.m in Sources */ = {isa = PBXBuildFile; fileRef = A0BA714A1BFDC0850058D92F /* PushTransition.m */; };
		A0BFA5811C4392D2008E4EAA /* SystemConfiguration.framework in Frameworks */ = {isa = PBXBuildFile; fileRef = A0BFA5801C4392D2008E4EAA /* SystemConfiguration.framework */; };
		A0BFA5831C4392DA008E4EAA /* MobileCoreServices.framework in Frameworks */ = {isa = PBXBuildFile; fileRef = A0BFA5821C4392DA008E4EAA /* MobileCoreServices.framework */; };
		A0BFA5851C4392E2008E4EAA /* CoreTelephony.framework in Frameworks */ = {isa = PBXBuildFile; fileRef = A0BFA5841C4392E2008E4EAA /* CoreTelephony.framework */; };
		A0BFA5871C4392F3008E4EAA /* CoreLocation.framework in Frameworks */ = {isa = PBXBuildFile; fileRef = A0BFA5861C4392F3008E4EAA /* CoreLocation.framework */; };
		A0C21D801C02AC3C002F354A /* AMSlideMenuContentSegue.m in Sources */ = {isa = PBXBuildFile; fileRef = A0C21D721C02AC3C002F354A /* AMSlideMenuContentSegue.m */; };
		A0C21D811C02AC3C002F354A /* AMSlideMenuLeftMenuSegue.m in Sources */ = {isa = PBXBuildFile; fileRef = A0C21D741C02AC3C002F354A /* AMSlideMenuLeftMenuSegue.m */; };
		A0C21D821C02AC3C002F354A /* AMSlideMenuLeftTableViewController.m in Sources */ = {isa = PBXBuildFile; fileRef = A0C21D761C02AC3C002F354A /* AMSlideMenuLeftTableViewController.m */; };
		A0C21D831C02AC3C002F354A /* AMSlideMenuMainViewController.m in Sources */ = {isa = PBXBuildFile; fileRef = A0C21D781C02AC3C002F354A /* AMSlideMenuMainViewController.m */; };
		A0C21D841C02AC3C002F354A /* AMSlideMenuRightMenuSegue.m in Sources */ = {isa = PBXBuildFile; fileRef = A0C21D7B1C02AC3C002F354A /* AMSlideMenuRightMenuSegue.m */; };
		A0C21D851C02AC3C002F354A /* AMSlideMenuRightTableViewController.m in Sources */ = {isa = PBXBuildFile; fileRef = A0C21D7D1C02AC3C002F354A /* AMSlideMenuRightTableViewController.m */; };
		A0C21D861C02AC3C002F354A /* UIViewController+AMSlideMenu.m in Sources */ = {isa = PBXBuildFile; fileRef = A0C21D7F1C02AC3C002F354A /* UIViewController+AMSlideMenu.m */; };
		A0C21D8A1C031C27002F354A /* ViedoViewController.m in Sources */ = {isa = PBXBuildFile; fileRef = A0C21D891C031C27002F354A /* ViedoViewController.m */; };
		A0C21D8E1C031CF2002F354A /* ResourceViewController.m in Sources */ = {isa = PBXBuildFile; fileRef = A0C21D8D1C031CF2002F354A /* ResourceViewController.m */; };
		A0C4A91C1C129842007C0740 /* MBProgressHUD+NJ.m in Sources */ = {isa = PBXBuildFile; fileRef = A0C4A91B1C129842007C0740 /* MBProgressHUD+NJ.m */; };
		A0C5FD4C1C11849300FC798A /* ResourceInfo.m in Sources */ = {isa = PBXBuildFile; fileRef = A0C5FD4B1C11849300FC798A /* ResourceInfo.m */; };
		A0D866C61C156B6400158582 /* TimeUtils.m in Sources */ = {isa = PBXBuildFile; fileRef = A0D866C51C156B6400158582 /* TimeUtils.m */; };
		A0D866C91C157E1800158582 /* warm-interlude.mp3 in Resources */ = {isa = PBXBuildFile; fileRef = A0D866C81C157E1800158582 /* warm-interlude.mp3 */; };
		B08D954F9D7E4C3E463D51D5 /* libPods.a in Frameworks */ = {isa = PBXBuildFile; fileRef = DA880D842952A35E18145FAF /* libPods.a */; };
/* End PBXBuildFile section */

/* Begin PBXContainerItemProxy section */
		A01D86AD1BF2D9BE003B28A4 /* PBXContainerItemProxy */ = {
			isa = PBXContainerItemProxy;
			containerPortal = A01D86881BF2D9BE003B28A4 /* Project object */;
			proxyType = 1;
			remoteGlobalIDString = A01D868F1BF2D9BE003B28A4;
			remoteInfo = Time;
		};
/* End PBXContainerItemProxy section */

/* Begin PBXFileReference section */
		32C7192E3C05ED2608B6C915 /* Pods.debug.xcconfig */ = {isa = PBXFileReference; includeInIndex = 1; lastKnownFileType = text.xcconfig; name = Pods.debug.xcconfig; path = "Pods/Target Support Files/Pods/Pods.debug.xcconfig"; sourceTree = "<group>"; };
		3892C11DD73EE3A059F0505B /* Pods.release.xcconfig */ = {isa = PBXFileReference; includeInIndex = 1; lastKnownFileType = text.xcconfig; name = Pods.release.xcconfig; path = "Pods/Target Support Files/Pods/Pods.release.xcconfig"; sourceTree = "<group>"; };
		A00BF1A61C4DCE1D00A40E30 /* libUMessage_Sdk_1.1.0.a */ = {isa = PBXFileReference; lastKnownFileType = archive.ar; path = libUMessage_Sdk_1.1.0.a; sourceTree = "<group>"; };
		A00BF1A71C4DCE1D00A40E30 /* UMessage.h */ = {isa = PBXFileReference; fileEncoding = 4; lastKnownFileType = sourcecode.c.h; path = UMessage.h; sourceTree = "<group>"; };
		A00BF1AB1C4DCE2400A40E30 /* en */ = {isa = PBXFileReference; lastKnownFileType = text.plist.strings; name = en; path = en.lproj/UMSocialLocalizable.strings; sourceTree = "<group>"; };
		A00BF1AD1C4DCE2400A40E30 /* UMSocial.h */ = {isa = PBXFileReference; fileEncoding = 4; lastKnownFileType = sourcecode.c.h; path = UMSocial.h; sourceTree = "<group>"; };
		A00BF1AE1C4DCE2400A40E30 /* UMSocialAccountManager.h */ = {isa = PBXFileReference; fileEncoding = 4; lastKnownFileType = sourcecode.c.h; path = UMSocialAccountManager.h; sourceTree = "<group>"; };
		A00BF1AF1C4DCE2400A40E30 /* UMSocialBar.h */ = {isa = PBXFileReference; fileEncoding = 4; lastKnownFileType = sourcecode.c.h; path = UMSocialBar.h; sourceTree = "<group>"; };
		A00BF1B01C4DCE2400A40E30 /* UMSocialConfig.h */ = {isa = PBXFileReference; fileEncoding = 4; lastKnownFileType = sourcecode.c.h; path = UMSocialConfig.h; sourceTree = "<group>"; };
		A00BF1B11C4DCE2400A40E30 /* UMSocialControllerService.h */ = {isa = PBXFileReference; fileEncoding = 4; lastKnownFileType = sourcecode.c.h; path = UMSocialControllerService.h; sourceTree = "<group>"; };
		A00BF1B21C4DCE2400A40E30 /* UMSocialControllerServiceComment.h */ = {isa = PBXFileReference; fileEncoding = 4; lastKnownFileType = sourcecode.c.h; path = UMSocialControllerServiceComment.h; sourceTree = "<group>"; };
		A00BF1B31C4DCE2400A40E30 /* UMSocialData.h */ = {isa = PBXFileReference; fileEncoding = 4; lastKnownFileType = sourcecode.c.h; path = UMSocialData.h; sourceTree = "<group>"; };
		A00BF1B41C4DCE2400A40E30 /* UMSocialDataService.h */ = {isa = PBXFileReference; fileEncoding = 4; lastKnownFileType = sourcecode.c.h; path = UMSocialDataService.h; sourceTree = "<group>"; };
		A00BF1B51C4DCE2400A40E30 /* UMSocialSnsData.h */ = {isa = PBXFileReference; fileEncoding = 4; lastKnownFileType = sourcecode.c.h; path = UMSocialSnsData.h; sourceTree = "<group>"; };
		A00BF1B61C4DCE2400A40E30 /* UMSocialSnsPlatformManager.h */ = {isa = PBXFileReference; fileEncoding = 4; lastKnownFileType = sourcecode.c.h; path = UMSocialSnsPlatformManager.h; sourceTree = "<group>"; };
		A00BF1B71C4DCE2400A40E30 /* UMSocialSnsService.h */ = {isa = PBXFileReference; fileEncoding = 4; lastKnownFileType = sourcecode.c.h; path = UMSocialSnsService.h; sourceTree = "<group>"; };
		A00BF1B81C4DCE2400A40E30 /* libUMSocial_Sdk_4.2.3.a */ = {isa = PBXFileReference; lastKnownFileType = archive.ar; path = libUMSocial_Sdk_4.2.3.a; sourceTree = "<group>"; };
		A00BF1BA1C4DCE2400A40E30 /* UMSCommentDetailController.xib */ = {isa = PBXFileReference; fileEncoding = 4; lastKnownFileType = file.xib; path = UMSCommentDetailController.xib; sourceTree = "<group>"; };
		A00BF1BB1C4DCE2400A40E30 /* UMSCommentInputController.xib */ = {isa = PBXFileReference; fileEncoding = 4; lastKnownFileType = file.xib; path = UMSCommentInputController.xib; sourceTree = "<group>"; };
		A00BF1BC1C4DCE2400A40E30 /* UMSCommentInputControlleriPad.xib */ = {isa = PBXFileReference; fileEncoding = 4; lastKnownFileType = file.xib; path = UMSCommentInputControlleriPad.xib; sourceTree = "<group>"; };
		A00BF1BD1C4DCE2400A40E30 /* UMShareEditViewController.xib */ = {isa = PBXFileReference; fileEncoding = 4; lastKnownFileType = file.xib; path = UMShareEditViewController.xib; sourceTree = "<group>"; };
		A00BF1BE1C4DCE2400A40E30 /* UMShareEditViewControlleriPad.xib */ = {isa = PBXFileReference; fileEncoding = 4; lastKnownFileType = file.xib; path = UMShareEditViewControlleriPad.xib; sourceTree = "<group>"; };
		A00BF1BF1C4DCE2400A40E30 /* UMSLoginViewController.xib */ = {isa = PBXFileReference; fileEncoding = 4; lastKnownFileType = file.xib; path = UMSLoginViewController.xib; sourceTree = "<group>"; };
		A00BF1C01C4DCE2400A40E30 /* UMSnsAccountViewController.xib */ = {isa = PBXFileReference; fileEncoding = 4; lastKnownFileType = file.xib; path = UMSnsAccountViewController.xib; sourceTree = "<group>"; };
		A00BF1C11C4DCE2400A40E30 /* UMSShareListController.xib */ = {isa = PBXFileReference; fileEncoding = 4; lastKnownFileType = file.xib; path = UMSShareListController.xib; sourceTree = "<group>"; };
		A00BF1C21C4DCE2400A40E30 /* UMSocialSDKResourcesNew.bundle */ = {isa = PBXFileReference; lastKnownFileType = "wrapper.plug-in"; path = UMSocialSDKResourcesNew.bundle; sourceTree = "<group>"; };
		A00BF1C31C4DCE2400A40E30 /* zh-Hans */ = {isa = PBXFileReference; lastKnownFileType = text.plist.strings; name = "zh-Hans"; path = "zh-Hans.lproj/UMSocialLocalizable.strings"; sourceTree = "<group>"; };
		A00BF1D11C4DCE3100A40E30 /* libSocialSina.a */ = {isa = PBXFileReference; lastKnownFileType = archive.ar; path = libSocialSina.a; sourceTree = "<group>"; };
		A00BF1D21C4DCE3100A40E30 /* UMSocialSinaHandler.h */ = {isa = PBXFileReference; fileEncoding = 4; lastKnownFileType = sourcecode.c.h; path = UMSocialSinaHandler.h; sourceTree = "<group>"; };
		A00BF1D41C4DCE3100A40E30 /* libSocialSinaSSO.a */ = {isa = PBXFileReference; lastKnownFileType = archive.ar; path = libSocialSinaSSO.a; sourceTree = "<group>"; };
		A00BF1D51C4DCE3100A40E30 /* libWeiboSDK.a */ = {isa = PBXFileReference; lastKnownFileType = archive.ar; path = libWeiboSDK.a; sourceTree = "<group>"; };
		A00BF1D61C4DCE3100A40E30 /* UMSocialSinaSSOHandler.h */ = {isa = PBXFileReference; fileEncoding = 4; lastKnownFileType = sourcecode.c.h; path = UMSocialSinaSSOHandler.h; sourceTree = "<group>"; };
		A00BF1D71C4DCE3100A40E30 /* WBHttpRequest+WeiboShare.h */ = {isa = PBXFileReference; fileEncoding = 4; lastKnownFileType = sourcecode.c.h; path = "WBHttpRequest+WeiboShare.h"; sourceTree = "<group>"; };
		A00BF1D81C4DCE3100A40E30 /* WBHttpRequest+WeiboToken.h */ = {isa = PBXFileReference; fileEncoding = 4; lastKnownFileType = sourcecode.c.h; path = "WBHttpRequest+WeiboToken.h"; sourceTree = "<group>"; };
		A00BF1D91C4DCE3100A40E30 /* WBHttpRequest+WeiboUser.h */ = {isa = PBXFileReference; fileEncoding = 4; lastKnownFileType = sourcecode.c.h; path = "WBHttpRequest+WeiboUser.h"; sourceTree = "<group>"; };
		A00BF1DA1C4DCE3100A40E30 /* WBHttpRequest.h */ = {isa = PBXFileReference; fileEncoding = 4; lastKnownFileType = sourcecode.c.h; path = WBHttpRequest.h; sourceTree = "<group>"; };
		A00BF1DB1C4DCE3100A40E30 /* WBSDKBasicButton.h */ = {isa = PBXFileReference; fileEncoding = 4; lastKnownFileType = sourcecode.c.h; path = WBSDKBasicButton.h; sourceTree = "<group>"; };
		A00BF1DC1C4DCE3100A40E30 /* WBSDKCommentButton.h */ = {isa = PBXFileReference; fileEncoding = 4; lastKnownFileType = sourcecode.c.h; path = WBSDKCommentButton.h; sourceTree = "<group>"; };
		A00BF1DD1C4DCE3100A40E30 /* WBSDKRelationshipButton.h */ = {isa = PBXFileReference; fileEncoding = 4; lastKnownFileType = sourcecode.c.h; path = WBSDKRelationshipButton.h; sourceTree = "<group>"; };
		A00BF1DE1C4DCE3100A40E30 /* WeiboSDK.bundle */ = {isa = PBXFileReference; lastKnownFileType = "wrapper.plug-in"; path = WeiboSDK.bundle; sourceTree = "<group>"; };
		A00BF1DF1C4DCE3100A40E30 /* WeiboSDK.h */ = {isa = PBXFileReference; fileEncoding = 4; lastKnownFileType = sourcecode.c.h; path = WeiboSDK.h; sourceTree = "<group>"; };
		A00BF1E01C4DCE3100A40E30 /* WeiboUser.h */ = {isa = PBXFileReference; fileEncoding = 4; lastKnownFileType = sourcecode.c.h; path = WeiboUser.h; sourceTree = "<group>"; };
		A00BF1E21C4DCE3100A40E30 /* libSocialQQ.a */ = {isa = PBXFileReference; lastKnownFileType = archive.ar; path = libSocialQQ.a; sourceTree = "<group>"; };
		A00BF1E31C4DCE3100A40E30 /* TencentOpenAPI.framework */ = {isa = PBXFileReference; lastKnownFileType = wrapper.framework; path = TencentOpenAPI.framework; sourceTree = "<group>"; };
		A00BF1E41C4DCE3100A40E30 /* TencentOpenApi_IOS_Bundle.bundle */ = {isa = PBXFileReference; lastKnownFileType = "wrapper.plug-in"; path = TencentOpenApi_IOS_Bundle.bundle; sourceTree = "<group>"; };
		A00BF1E51C4DCE3100A40E30 /* UMSocialQQHandler.h */ = {isa = PBXFileReference; fileEncoding = 4; lastKnownFileType = sourcecode.c.h; path = UMSocialQQHandler.h; sourceTree = "<group>"; };
		A00BF1E71C4DCE3100A40E30 /* ios-social-sdk-shake.html */ = {isa = PBXFileReference; fileEncoding = 4; lastKnownFileType = text.html; path = "ios-social-sdk-shake.html"; sourceTree = "<group>"; };
		A00BF1E81C4DCE3100A40E30 /* libUMSocial_Sdk_ScreenShot_1.0.a */ = {isa = PBXFileReference; lastKnownFileType = archive.ar; path = libUMSocial_Sdk_ScreenShot_1.0.a; sourceTree = "<group>"; };
		A00BF1E91C4DCE3100A40E30 /* UMSocialScreenShoter.h */ = {isa = PBXFileReference; fileEncoding = 4; lastKnownFileType = sourcecode.c.h; path = UMSocialScreenShoter.h; sourceTree = "<group>"; };
		A00BF1EB1C4DCE3100A40E30 /* ios-social-sdk-shake.html */ = {isa = PBXFileReference; fileEncoding = 4; lastKnownFileType = text.html; path = "ios-social-sdk-shake.html"; sourceTree = "<group>"; };
		A00BF1EC1C4DCE3100A40E30 /* libUMSocial_Sdk_Shake_1.0.a */ = {isa = PBXFileReference; lastKnownFileType = archive.ar; path = libUMSocial_Sdk_Shake_1.0.a; sourceTree = "<group>"; };
		A00BF1ED1C4DCE3100A40E30 /* UMSocialShakeService.h */ = {isa = PBXFileReference; fileEncoding = 4; lastKnownFileType = sourcecode.c.h; path = UMSocialShakeService.h; sourceTree = "<group>"; };
		A00BF1EF1C4DCE3100A40E30 /* libSocialWechat.a */ = {isa = PBXFileReference; lastKnownFileType = archive.ar; path = libSocialWechat.a; sourceTree = "<group>"; };
		A00BF1F01C4DCE3100A40E30 /* libWeChatSDK.a */ = {isa = PBXFileReference; lastKnownFileType = archive.ar; path = libWeChatSDK.a; sourceTree = "<group>"; };
		A00BF1F11C4DCE3100A40E30 /* UMSocialWechatHandler.h */ = {isa = PBXFileReference; fileEncoding = 4; lastKnownFileType = sourcecode.c.h; path = UMSocialWechatHandler.h; sourceTree = "<group>"; };
		A00BF1F21C4DCE3100A40E30 /* WXApi.h */ = {isa = PBXFileReference; fileEncoding = 4; lastKnownFileType = sourcecode.c.h; path = WXApi.h; sourceTree = "<group>"; };
		A00BF1F31C4DCE3100A40E30 /* WXApiObject.h */ = {isa = PBXFileReference; fileEncoding = 4; lastKnownFileType = sourcecode.c.h; path = WXApiObject.h; sourceTree = "<group>"; };
		A00BF2021C4DCE3600A40E30 /* libMobClickLibrary.a */ = {isa = PBXFileReference; lastKnownFileType = archive.ar; path = libMobClickLibrary.a; sourceTree = "<group>"; };
		A00BF2031C4DCE3600A40E30 /* MobClick.h */ = {isa = PBXFileReference; fileEncoding = 4; lastKnownFileType = sourcecode.c.h; path = MobClick.h; sourceTree = "<group>"; };
		A00BF2041C4DCE3600A40E30 /* MobClickSocialAnalytics.h */ = {isa = PBXFileReference; fileEncoding = 4; lastKnownFileType = sourcecode.c.h; path = MobClickSocialAnalytics.h; sourceTree = "<group>"; };
		A019EECE1C17D43100BDDF1E /* whalespinclear.gif */ = {isa = PBXFileReference; lastKnownFileType = image.gif; path = whalespinclear.gif; sourceTree = "<group>"; };
		A019EED11C1816E200BDDF1E /* ExplainViewController.h */ = {isa = PBXFileReference; fileEncoding = 4; lastKnownFileType = sourcecode.c.h; path = ExplainViewController.h; sourceTree = "<group>"; };
		A019EED21C1816E200BDDF1E /* ExplainViewController.m */ = {isa = PBXFileReference; fileEncoding = 4; lastKnownFileType = sourcecode.c.objc; path = ExplainViewController.m; sourceTree = "<group>"; };
		A019EED51C18205B00BDDF1E /* CMPopTipView.h */ = {isa = PBXFileReference; fileEncoding = 4; lastKnownFileType = sourcecode.c.h; path = CMPopTipView.h; sourceTree = "<group>"; };
		A019EED61C18205B00BDDF1E /* CMPopTipView.m */ = {isa = PBXFileReference; fileEncoding = 4; lastKnownFileType = sourcecode.c.objc; path = CMPopTipView.m; sourceTree = "<group>"; };
		A019EED71C18205B00BDDF1E /* TipMaskView.h */ = {isa = PBXFileReference; fileEncoding = 4; lastKnownFileType = sourcecode.c.h; path = TipMaskView.h; sourceTree = "<group>"; };
		A019EED81C18205B00BDDF1E /* TipMaskView.m */ = {isa = PBXFileReference; fileEncoding = 4; lastKnownFileType = sourcecode.c.objc; path = TipMaskView.m; sourceTree = "<group>"; };
		A01D86901BF2D9BE003B28A4 /* Time.app */ = {isa = PBXFileReference; explicitFileType = wrapper.application; includeInIndex = 0; path = Time.app; sourceTree = BUILT_PRODUCTS_DIR; };
		A01D86941BF2D9BE003B28A4 /* Info.plist */ = {isa = PBXFileReference; lastKnownFileType = text.plist.xml; path = Info.plist; sourceTree = "<group>"; };
		A01D86951BF2D9BE003B28A4 /* main.m */ = {isa = PBXFileReference; lastKnownFileType = sourcecode.c.objc; path = main.m; sourceTree = "<group>"; };
		A01D86971BF2D9BE003B28A4 /* AppDelegate.h */ = {isa = PBXFileReference; lastKnownFileType = sourcecode.c.h; path = AppDelegate.h; sourceTree = "<group>"; };
		A01D86981BF2D9BE003B28A4 /* AppDelegate.m */ = {isa = PBXFileReference; lastKnownFileType = sourcecode.c.objc; path = AppDelegate.m; sourceTree = "<group>"; };
		A01D869B1BF2D9BE003B28A4 /* Time.xcdatamodel */ = {isa = PBXFileReference; lastKnownFileType = wrapper.xcdatamodel; path = Time.xcdatamodel; sourceTree = "<group>"; };
		A01D86A11BF2D9BE003B28A4 /* Base */ = {isa = PBXFileReference; lastKnownFileType = file.storyboard; name = Base; path = Base.lproj/Main.storyboard; sourceTree = "<group>"; };
		A01D86A31BF2D9BE003B28A4 /* Images.xcassets */ = {isa = PBXFileReference; lastKnownFileType = folder.assetcatalog; path = Images.xcassets; sourceTree = "<group>"; };
		A01D86A61BF2D9BE003B28A4 /* Base */ = {isa = PBXFileReference; lastKnownFileType = file.xib; name = Base; path = Base.lproj/LaunchScreen.xib; sourceTree = "<group>"; };
		A01D86AC1BF2D9BE003B28A4 /* TimeTests.xctest */ = {isa = PBXFileReference; explicitFileType = wrapper.cfbundle; includeInIndex = 0; path = TimeTests.xctest; sourceTree = BUILT_PRODUCTS_DIR; };
		A01D86B11BF2D9BE003B28A4 /* Info.plist */ = {isa = PBXFileReference; lastKnownFileType = text.plist.xml; path = Info.plist; sourceTree = "<group>"; };
		A01D86B21BF2D9BE003B28A4 /* TimeTests.m */ = {isa = PBXFileReference; lastKnownFileType = sourcecode.c.objc; path = TimeTests.m; sourceTree = "<group>"; };
		A01D86BC1BF2D9E3003B28A4 /* TimeIndexViewController.h */ = {isa = PBXFileReference; fileEncoding = 4; lastKnownFileType = sourcecode.c.h; path = TimeIndexViewController.h; sourceTree = "<group>"; };
		A01D86BD1BF2D9E3003B28A4 /* TimeIndexViewController.m */ = {isa = PBXFileReference; fileEncoding = 4; lastKnownFileType = sourcecode.c.objc; path = TimeIndexViewController.m; sourceTree = "<group>"; };
		A01D86BF1BF2DB21003B28A4 /* AssetsLibrary.framework */ = {isa = PBXFileReference; lastKnownFileType = wrapper.framework; name = AssetsLibrary.framework; path = System/Library/Frameworks/AssetsLibrary.framework; sourceTree = SDKROOT; };
		A02DB18D1C0E99A100E8D85F /* DeleteView.h */ = {isa = PBXFileReference; fileEncoding = 4; lastKnownFileType = sourcecode.c.h; path = DeleteView.h; sourceTree = "<group>"; };
		A02DB18E1C0E99A200E8D85F /* DeleteView.m */ = {isa = PBXFileReference; fileEncoding = 4; lastKnownFileType = sourcecode.c.objc; path = DeleteView.m; sourceTree = "<group>"; };
		A02DB1931C0EEDE800E8D85F /* UIColor+Colors.h */ = {isa = PBXFileReference; fileEncoding = 4; lastKnownFileType = sourcecode.c.h; path = "UIColor+Colors.h"; sourceTree = "<group>"; };
		A02DB1941C0EEDE800E8D85F /* UIColor+Colors.m */ = {isa = PBXFileReference; fileEncoding = 4; lastKnownFileType = sourcecode.c.objc; path = "UIColor+Colors.m"; sourceTree = "<group>"; };
		A02DB1951C0EEDE800E8D85F /* UIFont+Fonts.h */ = {isa = PBXFileReference; fileEncoding = 4; lastKnownFileType = sourcecode.c.h; path = "UIFont+Fonts.h"; sourceTree = "<group>"; };
		A02DB1961C0EEDE800E8D85F /* UIFont+Fonts.m */ = {isa = PBXFileReference; fileEncoding = 4; lastKnownFileType = sourcecode.c.objc; path = "UIFont+Fonts.m"; sourceTree = "<group>"; };
		A02DB19A1C0EFABF00E8D85F /* ALAssetsLibrary+CustomPhotoAlbum.h */ = {isa = PBXFileReference; fileEncoding = 4; lastKnownFileType = sourcecode.c.h; path = "ALAssetsLibrary+CustomPhotoAlbum.h"; sourceTree = "<group>"; };
		A02DB19B1C0EFABF00E8D85F /* ALAssetsLibrary+CustomPhotoAlbum.m */ = {isa = PBXFileReference; fileEncoding = 4; lastKnownFileType = sourcecode.c.objc; path = "ALAssetsLibrary+CustomPhotoAlbum.m"; sourceTree = "<group>"; };
		A079E4F91BF9788D0021D502 /* PicCollectionViewCell.h */ = {isa = PBXFileReference; fileEncoding = 4; lastKnownFileType = sourcecode.c.h; path = PicCollectionViewCell.h; sourceTree = "<group>"; };
		A079E4FA1BF9788D0021D502 /* PicCollectionViewCell.m */ = {isa = PBXFileReference; fileEncoding = 4; lastKnownFileType = sourcecode.c.objc; path = PicCollectionViewCell.m; sourceTree = "<group>"; };
		A079E4FB1BF9788D0021D502 /* PicCollectionViewCell.xib */ = {isa = PBXFileReference; fileEncoding = 4; lastKnownFileType = file.xib; path = PicCollectionViewCell.xib; sourceTree = "<group>"; };
		A079E5311BF9BD2A0021D502 /* MKAnnotationView+WebCache.h */ = {isa = PBXFileReference; fileEncoding = 4; lastKnownFileType = sourcecode.c.h; path = "MKAnnotationView+WebCache.h"; sourceTree = "<group>"; };
		A079E5321BF9BD2A0021D502 /* MKAnnotationView+WebCache.m */ = {isa = PBXFileReference; fileEncoding = 4; lastKnownFileType = sourcecode.c.objc; path = "MKAnnotationView+WebCache.m"; sourceTree = "<group>"; };
		A079E5331BF9BD2A0021D502 /* NSData+ImageContentType.h */ = {isa = PBXFileReference; fileEncoding = 4; lastKnownFileType = sourcecode.c.h; path = "NSData+ImageContentType.h"; sourceTree = "<group>"; };
		A079E5341BF9BD2A0021D502 /* NSData+ImageContentType.m */ = {isa = PBXFileReference; fileEncoding = 4; lastKnownFileType = sourcecode.c.objc; path = "NSData+ImageContentType.m"; sourceTree = "<group>"; };
		A079E5351BF9BD2A0021D502 /* SDImageCache.h */ = {isa = PBXFileReference; fileEncoding = 4; lastKnownFileType = sourcecode.c.h; path = SDImageCache.h; sourceTree = "<group>"; };
		A079E5361BF9BD2A0021D502 /* SDImageCache.m */ = {isa = PBXFileReference; fileEncoding = 4; lastKnownFileType = sourcecode.c.objc; path = SDImageCache.m; sourceTree = "<group>"; };
		A079E5371BF9BD2A0021D502 /* SDWebImageCompat.h */ = {isa = PBXFileReference; fileEncoding = 4; lastKnownFileType = sourcecode.c.h; path = SDWebImageCompat.h; sourceTree = "<group>"; };
		A079E5381BF9BD2A0021D502 /* SDWebImageCompat.m */ = {isa = PBXFileReference; fileEncoding = 4; lastKnownFileType = sourcecode.c.objc; path = SDWebImageCompat.m; sourceTree = "<group>"; };
		A079E5391BF9BD2A0021D502 /* SDWebImageDecoder.h */ = {isa = PBXFileReference; fileEncoding = 4; lastKnownFileType = sourcecode.c.h; path = SDWebImageDecoder.h; sourceTree = "<group>"; };
		A079E53A1BF9BD2A0021D502 /* SDWebImageDecoder.m */ = {isa = PBXFileReference; fileEncoding = 4; lastKnownFileType = sourcecode.c.objc; path = SDWebImageDecoder.m; sourceTree = "<group>"; };
		A079E53B1BF9BD2A0021D502 /* SDWebImageDownloader.h */ = {isa = PBXFileReference; fileEncoding = 4; lastKnownFileType = sourcecode.c.h; path = SDWebImageDownloader.h; sourceTree = "<group>"; };
		A079E53C1BF9BD2A0021D502 /* SDWebImageDownloader.m */ = {isa = PBXFileReference; fileEncoding = 4; lastKnownFileType = sourcecode.c.objc; path = SDWebImageDownloader.m; sourceTree = "<group>"; };
		A079E53D1BF9BD2A0021D502 /* SDWebImageDownloaderOperation.h */ = {isa = PBXFileReference; fileEncoding = 4; lastKnownFileType = sourcecode.c.h; path = SDWebImageDownloaderOperation.h; sourceTree = "<group>"; };
		A079E53E1BF9BD2A0021D502 /* SDWebImageDownloaderOperation.m */ = {isa = PBXFileReference; fileEncoding = 4; lastKnownFileType = sourcecode.c.objc; path = SDWebImageDownloaderOperation.m; sourceTree = "<group>"; };
		A079E53F1BF9BD2A0021D502 /* SDWebImageManager.h */ = {isa = PBXFileReference; fileEncoding = 4; lastKnownFileType = sourcecode.c.h; path = SDWebImageManager.h; sourceTree = "<group>"; };
		A079E5401BF9BD2A0021D502 /* SDWebImageManager.m */ = {isa = PBXFileReference; fileEncoding = 4; lastKnownFileType = sourcecode.c.objc; path = SDWebImageManager.m; sourceTree = "<group>"; };
		A079E5411BF9BD2A0021D502 /* SDWebImageOperation.h */ = {isa = PBXFileReference; fileEncoding = 4; lastKnownFileType = sourcecode.c.h; path = SDWebImageOperation.h; sourceTree = "<group>"; };
		A079E5421BF9BD2A0021D502 /* SDWebImagePrefetcher.h */ = {isa = PBXFileReference; fileEncoding = 4; lastKnownFileType = sourcecode.c.h; path = SDWebImagePrefetcher.h; sourceTree = "<group>"; };
		A079E5431BF9BD2A0021D502 /* SDWebImagePrefetcher.m */ = {isa = PBXFileReference; fileEncoding = 4; lastKnownFileType = sourcecode.c.objc; path = SDWebImagePrefetcher.m; sourceTree = "<group>"; };
		A079E5441BF9BD2A0021D502 /* UIButton+WebCache.h */ = {isa = PBXFileReference; fileEncoding = 4; lastKnownFileType = sourcecode.c.h; path = "UIButton+WebCache.h"; sourceTree = "<group>"; };
		A079E5451BF9BD2A0021D502 /* UIButton+WebCache.m */ = {isa = PBXFileReference; fileEncoding = 4; lastKnownFileType = sourcecode.c.objc; path = "UIButton+WebCache.m"; sourceTree = "<group>"; };
		A079E5461BF9BD2A0021D502 /* UIImage+GIF.h */ = {isa = PBXFileReference; fileEncoding = 4; lastKnownFileType = sourcecode.c.h; path = "UIImage+GIF.h"; sourceTree = "<group>"; };
		A079E5471BF9BD2A0021D502 /* UIImage+GIF.m */ = {isa = PBXFileReference; fileEncoding = 4; lastKnownFileType = sourcecode.c.objc; path = "UIImage+GIF.m"; sourceTree = "<group>"; };
		A079E5481BF9BD2A0021D502 /* UIImage+MultiFormat.h */ = {isa = PBXFileReference; fileEncoding = 4; lastKnownFileType = sourcecode.c.h; path = "UIImage+MultiFormat.h"; sourceTree = "<group>"; };
		A079E5491BF9BD2A0021D502 /* UIImage+MultiFormat.m */ = {isa = PBXFileReference; fileEncoding = 4; lastKnownFileType = sourcecode.c.objc; path = "UIImage+MultiFormat.m"; sourceTree = "<group>"; };
		A079E54A1BF9BD2A0021D502 /* UIImage+WebP.h */ = {isa = PBXFileReference; fileEncoding = 4; lastKnownFileType = sourcecode.c.h; path = "UIImage+WebP.h"; sourceTree = "<group>"; };
		A079E54B1BF9BD2A0021D502 /* UIImage+WebP.m */ = {isa = PBXFileReference; fileEncoding = 4; lastKnownFileType = sourcecode.c.objc; path = "UIImage+WebP.m"; sourceTree = "<group>"; };
		A079E54C1BF9BD2A0021D502 /* UIImageView+HighlightedWebCache.h */ = {isa = PBXFileReference; fileEncoding = 4; lastKnownFileType = sourcecode.c.h; path = "UIImageView+HighlightedWebCache.h"; sourceTree = "<group>"; };
		A079E54D1BF9BD2A0021D502 /* UIImageView+HighlightedWebCache.m */ = {isa = PBXFileReference; fileEncoding = 4; lastKnownFileType = sourcecode.c.objc; path = "UIImageView+HighlightedWebCache.m"; sourceTree = "<group>"; };
		A079E54E1BF9BD2A0021D502 /* UIImageView+WebCache.h */ = {isa = PBXFileReference; fileEncoding = 4; lastKnownFileType = sourcecode.c.h; path = "UIImageView+WebCache.h"; sourceTree = "<group>"; };
		A079E54F1BF9BD2A0021D502 /* UIImageView+WebCache.m */ = {isa = PBXFileReference; fileEncoding = 4; lastKnownFileType = sourcecode.c.objc; path = "UIImageView+WebCache.m"; sourceTree = "<group>"; };
		A079E5501BF9BD2A0021D502 /* UIView+WebCacheOperation.h */ = {isa = PBXFileReference; fileEncoding = 4; lastKnownFileType = sourcecode.c.h; path = "UIView+WebCacheOperation.h"; sourceTree = "<group>"; };
		A079E5511BF9BD2A0021D502 /* UIView+WebCacheOperation.m */ = {isa = PBXFileReference; fileEncoding = 4; lastKnownFileType = sourcecode.c.objc; path = "UIView+WebCacheOperation.m"; sourceTree = "<group>"; };
		A079E5661BFB07A80021D502 /* PuzzleImageEditView.h */ = {isa = PBXFileReference; fileEncoding = 4; lastKnownFileType = sourcecode.c.h; path = PuzzleImageEditView.h; sourceTree = "<group>"; };
		A079E5671BFB07A80021D502 /* PuzzleImageEditView.m */ = {isa = PBXFileReference; fileEncoding = 4; lastKnownFileType = sourcecode.c.objc; path = PuzzleImageEditView.m; sourceTree = "<group>"; };
		A079E5691BFB08500021D502 /* PuzzleViewController.h */ = {isa = PBXFileReference; fileEncoding = 4; lastKnownFileType = sourcecode.c.h; path = PuzzleViewController.h; sourceTree = "<group>"; };
		A079E56A1BFB08500021D502 /* PuzzleViewController.m */ = {isa = PBXFileReference; fileEncoding = 4; lastKnownFileType = sourcecode.c.objc; path = PuzzleViewController.m; sourceTree = "<group>"; };
		A079E56C1BFB1E2C0021D502 /* CoreGraphics.framework */ = {isa = PBXFileReference; lastKnownFileType = wrapper.framework; name = CoreGraphics.framework; path = System/Library/Frameworks/CoreGraphics.framework; sourceTree = SDKROOT; };
		A079E56F1BFB20F00021D502 /* CEMovieMaker.h */ = {isa = PBXFileReference; fileEncoding = 4; lastKnownFileType = sourcecode.c.h; path = CEMovieMaker.h; sourceTree = "<group>"; };
		A079E5701BFB20F00021D502 /* CEMovieMaker.m */ = {isa = PBXFileReference; fileEncoding = 4; lastKnownFileType = sourcecode.c.objc; path = CEMovieMaker.m; sourceTree = "<group>"; };
		A09F18C01BFEFA440046EC5C /* GlassBallView.h */ = {isa = PBXFileReference; fileEncoding = 4; lastKnownFileType = sourcecode.c.h; path = GlassBallView.h; sourceTree = "<group>"; };
		A09F18C11BFEFA440046EC5C /* GlassBallView.m */ = {isa = PBXFileReference; fileEncoding = 4; lastKnownFileType = sourcecode.c.objc; path = GlassBallView.m; sourceTree = "<group>"; };
		A09F18C31BFEFA5D0046EC5C /* GlassBall.xib */ = {isa = PBXFileReference; fileEncoding = 4; lastKnownFileType = file.xib; path = GlassBall.xib; sourceTree = "<group>"; };
		A09F18C81C004DE40046EC5C /* LeftMenuTVC.h */ = {isa = PBXFileReference; fileEncoding = 4; lastKnownFileType = sourcecode.c.h; path = LeftMenuTVC.h; sourceTree = "<group>"; };
		A09F18C91C004DE40046EC5C /* LeftMenuTVC.m */ = {isa = PBXFileReference; fileEncoding = 4; lastKnownFileType = sourcecode.c.objc; path = LeftMenuTVC.m; sourceTree = "<group>"; };
		A09F18CA1C004DE40046EC5C /* LeftMenuTVC.xib */ = {isa = PBXFileReference; fileEncoding = 4; lastKnownFileType = file.xib; path = LeftMenuTVC.xib; sourceTree = "<group>"; };
		A09F19331C0071D10046EC5C /* MainViewController.h */ = {isa = PBXFileReference; fileEncoding = 4; lastKnownFileType = sourcecode.c.h; path = MainViewController.h; sourceTree = "<group>"; };
		A09F19341C0071D10046EC5C /* MainViewController.m */ = {isa = PBXFileReference; fileEncoding = 4; lastKnownFileType = sourcecode.c.objc; path = MainViewController.m; sourceTree = "<group>"; };
		A0B7C75B1BF46DF9003F7C48 /* PrefixHeader.pch */ = {isa = PBXFileReference; fileEncoding = 4; lastKnownFileType = sourcecode.c.h; path = PrefixHeader.pch; sourceTree = "<group>"; };
		A0B7C7621BF4DB5D003F7C48 /* MediaPlayer.framework */ = {isa = PBXFileReference; lastKnownFileType = wrapper.framework; name = MediaPlayer.framework; path = System/Library/Frameworks/MediaPlayer.framework; sourceTree = SDKROOT; };
		A0B7C7651BF57E13003F7C48 /* FacePicker.h */ = {isa = PBXFileReference; fileEncoding = 4; lastKnownFileType = sourcecode.c.h; path = FacePicker.h; sourceTree = "<group>"; };
		A0B7C7661BF57E13003F7C48 /* FacePicker.m */ = {isa = PBXFileReference; fileEncoding = 4; lastKnownFileType = sourcecode.c.objc; path = FacePicker.m; sourceTree = "<group>"; };
		A0B7C7691BF5BFF8003F7C48 /* CCProgressView.h */ = {isa = PBXFileReference; fileEncoding = 4; lastKnownFileType = sourcecode.c.h; path = CCProgressView.h; sourceTree = "<group>"; };
		A0B7C76A1BF5BFF8003F7C48 /* CCProgressView.m */ = {isa = PBXFileReference; fileEncoding = 4; lastKnownFileType = sourcecode.c.objc; path = CCProgressView.m; sourceTree = "<group>"; };
		A0B7C76D1BF5E02B003F7C48 /* PicSelectViewController.h */ = {isa = PBXFileReference; fileEncoding = 4; lastKnownFileType = sourcecode.c.h; path = PicSelectViewController.h; sourceTree = "<group>"; };
		A0B7C76E1BF5E02B003F7C48 /* PicSelectViewController.m */ = {isa = PBXFileReference; fileEncoding = 4; lastKnownFileType = sourcecode.c.objc; path = PicSelectViewController.m; sourceTree = "<group>"; };
		A0BA03141C0FEFAD00F5D9DA /* ResourceCollectionViewCell.h */ = {isa = PBXFileReference; fileEncoding = 4; lastKnownFileType = sourcecode.c.h; path = ResourceCollectionViewCell.h; sourceTree = "<group>"; };
		A0BA03151C0FEFAD00F5D9DA /* ResourceCollectionViewCell.m */ = {isa = PBXFileReference; fileEncoding = 4; lastKnownFileType = sourcecode.c.objc; path = ResourceCollectionViewCell.m; sourceTree = "<group>"; };
		A0BA03161C0FEFAD00F5D9DA /* ResourceCollectionViewCell.xib */ = {isa = PBXFileReference; fileEncoding = 4; lastKnownFileType = file.xib; path = ResourceCollectionViewCell.xib; sourceTree = "<group>"; };
		A0BA03191C0FF17300F5D9DA /* AVFoundation.framework */ = {isa = PBXFileReference; lastKnownFileType = wrapper.framework; name = AVFoundation.framework; path = System/Library/Frameworks/AVFoundation.framework; sourceTree = SDKROOT; };
		A0BA031B1C0FF17D00F5D9DA /* CoreMedia.framework */ = {isa = PBXFileReference; lastKnownFileType = wrapper.framework; name = CoreMedia.framework; path = System/Library/Frameworks/CoreMedia.framework; sourceTree = SDKROOT; };
		A0BA031E1C1046EB00F5D9DA /* VIPhotoView.h */ = {isa = PBXFileReference; fileEncoding = 4; lastKnownFileType = sourcecode.c.h; path = VIPhotoView.h; sourceTree = "<group>"; };
		A0BA031F1C1046EB00F5D9DA /* VIPhotoView.m */ = {isa = PBXFileReference; fileEncoding = 4; lastKnownFileType = sourcecode.c.objc; path = VIPhotoView.m; sourceTree = "<group>"; };
		A0BA03211C10471900F5D9DA /* ImageShowViewController.h */ = {isa = PBXFileReference; fileEncoding = 4; lastKnownFileType = sourcecode.c.h; path = ImageShowViewController.h; sourceTree = "<group>"; };
		A0BA03221C10471900F5D9DA /* ImageShowViewController.m */ = {isa = PBXFileReference; fileEncoding = 4; lastKnownFileType = sourcecode.c.objc; path = ImageShowViewController.m; sourceTree = "<group>"; };
		A0BA71391BFC6E800058D92F /* GIFImage.h */ = {isa = PBXFileReference; fileEncoding = 4; lastKnownFileType = sourcecode.c.h; path = GIFImage.h; sourceTree = "<group>"; };
		A0BA713A1BFC6E800058D92F /* GIFImage.m */ = {isa = PBXFileReference; fileEncoding = 4; lastKnownFileType = sourcecode.c.objc; path = GIFImage.m; sourceTree = "<group>"; };
		A0BA713B1BFC6E800058D92F /* GIFImageView.h */ = {isa = PBXFileReference; fileEncoding = 4; lastKnownFileType = sourcecode.c.h; path = GIFImageView.h; sourceTree = "<group>"; };
		A0BA713C1BFC6E800058D92F /* GIFImageView.m */ = {isa = PBXFileReference; fileEncoding = 4; lastKnownFileType = sourcecode.c.objc; path = GIFImageView.m; sourceTree = "<group>"; };
		A0BA71421BFDC0850058D92F /* InteractionTransitionAnimation.h */ = {isa = PBXFileReference; fileEncoding = 4; lastKnownFileType = sourcecode.c.h; path = InteractionTransitionAnimation.h; sourceTree = "<group>"; };
		A0BA71431BFDC0850058D92F /* InteractionTransitionAnimation.m */ = {isa = PBXFileReference; fileEncoding = 4; lastKnownFileType = sourcecode.c.objc; path = InteractionTransitionAnimation.m; sourceTree = "<group>"; };
		A0BA71441BFDC0850058D92F /* InteractiveTrasitionAnimation.h */ = {isa = PBXFileReference; fileEncoding = 4; lastKnownFileType = sourcecode.c.h; path = InteractiveTrasitionAnimation.h; sourceTree = "<group>"; };
		A0BA71451BFDC0850058D92F /* InteractiveTrasitionAnimation.m */ = {isa = PBXFileReference; fileEncoding = 4; lastKnownFileType = sourcecode.c.objc; path = InteractiveTrasitionAnimation.m; sourceTree = "<group>"; };
		A0BA71461BFDC0850058D92F /* Time_NacAnimation.h */ = {isa = PBXFileReference; fileEncoding = 4; lastKnownFileType = sourcecode.c.h; path = Time_NacAnimation.h; sourceTree = "<group>"; };
		A0BA71471BFDC0850058D92F /* PopTransition.h */ = {isa = PBXFileReference; fileEncoding = 4; lastKnownFileType = sourcecode.c.h; path = PopTransition.h; sourceTree = "<group>"; };
		A0BA71481BFDC0850058D92F /* PopTransition.m */ = {isa = PBXFileReference; fileEncoding = 4; lastKnownFileType = sourcecode.c.objc; path = PopTransition.m; sourceTree = "<group>"; };
		A0BA71491BFDC0850058D92F /* PushTransition.h */ = {isa = PBXFileReference; fileEncoding = 4; lastKnownFileType = sourcecode.c.h; path = PushTransition.h; sourceTree = "<group>"; };
		A0BA714A1BFDC0850058D92F /* PushTransition.m */ = {isa = PBXFileReference; fileEncoding = 4; lastKnownFileType = sourcecode.c.objc; path = PushTransition.m; sourceTree = "<group>"; };
		A0BFA5801C4392D2008E4EAA /* SystemConfiguration.framework */ = {isa = PBXFileReference; lastKnownFileType = wrapper.framework; name = SystemConfiguration.framework; path = System/Library/Frameworks/SystemConfiguration.framework; sourceTree = SDKROOT; };
		A0BFA5821C4392DA008E4EAA /* MobileCoreServices.framework */ = {isa = PBXFileReference; lastKnownFileType = wrapper.framework; name = MobileCoreServices.framework; path = System/Library/Frameworks/MobileCoreServices.framework; sourceTree = SDKROOT; };
		A0BFA5841C4392E2008E4EAA /* CoreTelephony.framework */ = {isa = PBXFileReference; lastKnownFileType = wrapper.framework; name = CoreTelephony.framework; path = System/Library/Frameworks/CoreTelephony.framework; sourceTree = SDKROOT; };
		A0BFA5861C4392F3008E4EAA /* CoreLocation.framework */ = {isa = PBXFileReference; lastKnownFileType = wrapper.framework; name = CoreLocation.framework; path = System/Library/Frameworks/CoreLocation.framework; sourceTree = SDKROOT; };
		A0C21D711C02AC3C002F354A /* AMSlideMenuContentSegue.h */ = {isa = PBXFileReference; fileEncoding = 4; lastKnownFileType = sourcecode.c.h; path = AMSlideMenuContentSegue.h; sourceTree = "<group>"; };
		A0C21D721C02AC3C002F354A /* AMSlideMenuContentSegue.m */ = {isa = PBXFileReference; fileEncoding = 4; lastKnownFileType = sourcecode.c.objc; path = AMSlideMenuContentSegue.m; sourceTree = "<group>"; };
		A0C21D731C02AC3C002F354A /* AMSlideMenuLeftMenuSegue.h */ = {isa = PBXFileReference; fileEncoding = 4; lastKnownFileType = sourcecode.c.h; path = AMSlideMenuLeftMenuSegue.h; sourceTree = "<group>"; };
		A0C21D741C02AC3C002F354A /* AMSlideMenuLeftMenuSegue.m */ = {isa = PBXFileReference; fileEncoding = 4; lastKnownFileType = sourcecode.c.objc; path = AMSlideMenuLeftMenuSegue.m; sourceTree = "<group>"; };
		A0C21D751C02AC3C002F354A /* AMSlideMenuLeftTableViewController.h */ = {isa = PBXFileReference; fileEncoding = 4; lastKnownFileType = sourcecode.c.h; path = AMSlideMenuLeftTableViewController.h; sourceTree = "<group>"; };
		A0C21D761C02AC3C002F354A /* AMSlideMenuLeftTableViewController.m */ = {isa = PBXFileReference; fileEncoding = 4; lastKnownFileType = sourcecode.c.objc; path = AMSlideMenuLeftTableViewController.m; sourceTree = "<group>"; };
		A0C21D771C02AC3C002F354A /* AMSlideMenuMainViewController.h */ = {isa = PBXFileReference; fileEncoding = 4; lastKnownFileType = sourcecode.c.h; path = AMSlideMenuMainViewController.h; sourceTree = "<group>"; };
		A0C21D781C02AC3C002F354A /* AMSlideMenuMainViewController.m */ = {isa = PBXFileReference; fileEncoding = 4; lastKnownFileType = sourcecode.c.objc; path = AMSlideMenuMainViewController.m; sourceTree = "<group>"; };
		A0C21D791C02AC3C002F354A /* AMSlideMenuProtocols.h */ = {isa = PBXFileReference; fileEncoding = 4; lastKnownFileType = sourcecode.c.h; path = AMSlideMenuProtocols.h; sourceTree = "<group>"; };
		A0C21D7A1C02AC3C002F354A /* AMSlideMenuRightMenuSegue.h */ = {isa = PBXFileReference; fileEncoding = 4; lastKnownFileType = sourcecode.c.h; path = AMSlideMenuRightMenuSegue.h; sourceTree = "<group>"; };
		A0C21D7B1C02AC3C002F354A /* AMSlideMenuRightMenuSegue.m */ = {isa = PBXFileReference; fileEncoding = 4; lastKnownFileType = sourcecode.c.objc; path = AMSlideMenuRightMenuSegue.m; sourceTree = "<group>"; };
		A0C21D7C1C02AC3C002F354A /* AMSlideMenuRightTableViewController.h */ = {isa = PBXFileReference; fileEncoding = 4; lastKnownFileType = sourcecode.c.h; path = AMSlideMenuRightTableViewController.h; sourceTree = "<group>"; };
		A0C21D7D1C02AC3C002F354A /* AMSlideMenuRightTableViewController.m */ = {isa = PBXFileReference; fileEncoding = 4; lastKnownFileType = sourcecode.c.objc; path = AMSlideMenuRightTableViewController.m; sourceTree = "<group>"; };
		A0C21D7E1C02AC3C002F354A /* UIViewController+AMSlideMenu.h */ = {isa = PBXFileReference; fileEncoding = 4; lastKnownFileType = sourcecode.c.h; path = "UIViewController+AMSlideMenu.h"; sourceTree = "<group>"; };
		A0C21D7F1C02AC3C002F354A /* UIViewController+AMSlideMenu.m */ = {isa = PBXFileReference; fileEncoding = 4; lastKnownFileType = sourcecode.c.objc; path = "UIViewController+AMSlideMenu.m"; sourceTree = "<group>"; };
		A0C21D881C031C27002F354A /* ViedoViewController.h */ = {isa = PBXFileReference; fileEncoding = 4; lastKnownFileType = sourcecode.c.h; path = ViedoViewController.h; sourceTree = "<group>"; };
		A0C21D891C031C27002F354A /* ViedoViewController.m */ = {isa = PBXFileReference; fileEncoding = 4; lastKnownFileType = sourcecode.c.objc; path = ViedoViewController.m; sourceTree = "<group>"; };
		A0C21D8C1C031CF2002F354A /* ResourceViewController.h */ = {isa = PBXFileReference; fileEncoding = 4; lastKnownFileType = sourcecode.c.h; path = ResourceViewController.h; sourceTree = "<group>"; };
		A0C21D8D1C031CF2002F354A /* ResourceViewController.m */ = {isa = PBXFileReference; fileEncoding = 4; lastKnownFileType = sourcecode.c.objc; path = ResourceViewController.m; sourceTree = "<group>"; };
		A0C4A91A1C129842007C0740 /* MBProgressHUD+NJ.h */ = {isa = PBXFileReference; fileEncoding = 4; lastKnownFileType = sourcecode.c.h; path = "MBProgressHUD+NJ.h"; sourceTree = "<group>"; };
		A0C4A91B1C129842007C0740 /* MBProgressHUD+NJ.m */ = {isa = PBXFileReference; fileEncoding = 4; lastKnownFileType = sourcecode.c.objc; path = "MBProgressHUD+NJ.m"; sourceTree = "<group>"; };
		A0C5FD4A1C11849300FC798A /* ResourceInfo.h */ = {isa = PBXFileReference; fileEncoding = 4; lastKnownFileType = sourcecode.c.h; path = ResourceInfo.h; sourceTree = "<group>"; };
		A0C5FD4B1C11849300FC798A /* ResourceInfo.m */ = {isa = PBXFileReference; fileEncoding = 4; lastKnownFileType = sourcecode.c.objc; path = ResourceInfo.m; sourceTree = "<group>"; };
		A0D866C41C156B6400158582 /* TimeUtils.h */ = {isa = PBXFileReference; fileEncoding = 4; lastKnownFileType = sourcecode.c.h; path = TimeUtils.h; sourceTree = "<group>"; };
		A0D866C51C156B6400158582 /* TimeUtils.m */ = {isa = PBXFileReference; fileEncoding = 4; lastKnownFileType = sourcecode.c.objc; path = TimeUtils.m; sourceTree = "<group>"; };
		A0D866C81C157E1800158582 /* warm-interlude.mp3 */ = {isa = PBXFileReference; lastKnownFileType = audio.mp3; path = "warm-interlude.mp3"; sourceTree = "<group>"; };
		DA880D842952A35E18145FAF /* libPods.a */ = {isa = PBXFileReference; explicitFileType = archive.ar; includeInIndex = 0; path = libPods.a; sourceTree = BUILT_PRODUCTS_DIR; };
/* End PBXFileReference section */

/* Begin PBXFrameworksBuildPhase section */
		A01D868D1BF2D9BE003B28A4 /* Frameworks */ = {
			isa = PBXFrameworksBuildPhase;
			buildActionMask = 2147483647;
			files = (
				A00BF1F81C4DCE3100A40E30 /* libSocialQQ.a in Frameworks */,
				A00BF1F41C4DCE3100A40E30 /* libSocialSina.a in Frameworks */,
				A0BFA5871C4392F3008E4EAA /* CoreLocation.framework in Frameworks */,
				A0BFA5851C4392E2008E4EAA /* CoreTelephony.framework in Frameworks */,
				A0BFA5831C4392DA008E4EAA /* MobileCoreServices.framework in Frameworks */,
				A00BF1C51C4DCE2400A40E30 /* libUMSocial_Sdk_4.2.3.a in Frameworks */,
				A00BF1FF1C4DCE3100A40E30 /* libSocialWechat.a in Frameworks */,
				A00BF1F51C4DCE3100A40E30 /* libSocialSinaSSO.a in Frameworks */,
				A00BF1F91C4DCE3100A40E30 /* TencentOpenAPI.framework in Frameworks */,
				A00BF2051C4DCE3600A40E30 /* libMobClickLibrary.a in Frameworks */,
				A00BF1FE1C4DCE3100A40E30 /* libUMSocial_Sdk_Shake_1.0.a in Frameworks */,
				A0BFA5811C4392D2008E4EAA /* SystemConfiguration.framework in Frameworks */,
				A0BA031C1C0FF17D00F5D9DA /* CoreMedia.framework in Frameworks */,
				A0BA031A1C0FF17300F5D9DA /* AVFoundation.framework in Frameworks */,
				A00BF1A81C4DCE1D00A40E30 /* libUMessage_Sdk_1.1.0.a in Frameworks */,
				A00BF2001C4DCE3100A40E30 /* libWeChatSDK.a in Frameworks */,
				A00BF1F61C4DCE3100A40E30 /* libWeiboSDK.a in Frameworks */,
				A079E56D1BFB1E2C0021D502 /* CoreGraphics.framework in Frameworks */,
				A0B7C7631BF4DB5D003F7C48 /* MediaPlayer.framework in Frameworks */,
				A01D86C01BF2DB21003B28A4 /* AssetsLibrary.framework in Frameworks */,
				A00BF1FC1C4DCE3100A40E30 /* libUMSocial_Sdk_ScreenShot_1.0.a in Frameworks */,
				B08D954F9D7E4C3E463D51D5 /* libPods.a in Frameworks */,
			);
			runOnlyForDeploymentPostprocessing = 0;
		};
		A01D86A91BF2D9BE003B28A4 /* Frameworks */ = {
			isa = PBXFrameworksBuildPhase;
			buildActionMask = 2147483647;
			files = (
			);
			runOnlyForDeploymentPostprocessing = 0;
		};
/* End PBXFrameworksBuildPhase section */

/* Begin PBXGroup section */
		50AB14D0BC297A8303C136F1 /* Frameworks */ = {
			isa = PBXGroup;
			children = (
				A0BFA5861C4392F3008E4EAA /* CoreLocation.framework */,
				A0BFA5841C4392E2008E4EAA /* CoreTelephony.framework */,
				A0BFA5821C4392DA008E4EAA /* MobileCoreServices.framework */,
				A0BFA5801C4392D2008E4EAA /* SystemConfiguration.framework */,
				A0BA031B1C0FF17D00F5D9DA /* CoreMedia.framework */,
				A0BA03191C0FF17300F5D9DA /* AVFoundation.framework */,
				A079E56C1BFB1E2C0021D502 /* CoreGraphics.framework */,
				DA880D842952A35E18145FAF /* libPods.a */,
			);
			name = Frameworks;
			sourceTree = "<group>";
		};
		91AD0D961D034039438DBB08 /* Pods */ = {
			isa = PBXGroup;
			children = (
				32C7192E3C05ED2608B6C915 /* Pods.debug.xcconfig */,
				3892C11DD73EE3A059F0505B /* Pods.release.xcconfig */,
			);
			name = Pods;
			sourceTree = "<group>";
		};
		A00BF1A51C4DCE1D00A40E30 /* UMessage_Sdk_1.1.0 */ = {
			isa = PBXGroup;
			children = (
				A00BF1A61C4DCE1D00A40E30 /* libUMessage_Sdk_1.1.0.a */,
				A00BF1A71C4DCE1D00A40E30 /* UMessage.h */,
			);
			path = UMessage_Sdk_1.1.0;
			sourceTree = "<group>";
		};
		A00BF1A91C4DCE2400A40E30 /* UMSocial_Sdk_4.2.3 */ = {
			isa = PBXGroup;
			children = (
				A00BF1AA1C4DCE2400A40E30 /* UMSocialLocalizable.strings */,
				A00BF1AC1C4DCE2400A40E30 /* Header */,
				A00BF1B81C4DCE2400A40E30 /* libUMSocial_Sdk_4.2.3.a */,
				A00BF1B91C4DCE2400A40E30 /* SocialSDKXib */,
				A00BF1C21C4DCE2400A40E30 /* UMSocialSDKResourcesNew.bundle */,
			);
			path = UMSocial_Sdk_4.2.3;
			sourceTree = "<group>";
		};
		A00BF1AC1C4DCE2400A40E30 /* Header */ = {
			isa = PBXGroup;
			children = (
				A00BF1AD1C4DCE2400A40E30 /* UMSocial.h */,
				A00BF1AE1C4DCE2400A40E30 /* UMSocialAccountManager.h */,
				A00BF1AF1C4DCE2400A40E30 /* UMSocialBar.h */,
				A00BF1B01C4DCE2400A40E30 /* UMSocialConfig.h */,
				A00BF1B11C4DCE2400A40E30 /* UMSocialControllerService.h */,
				A00BF1B21C4DCE2400A40E30 /* UMSocialControllerServiceComment.h */,
				A00BF1B31C4DCE2400A40E30 /* UMSocialData.h */,
				A00BF1B41C4DCE2400A40E30 /* UMSocialDataService.h */,
				A00BF1B51C4DCE2400A40E30 /* UMSocialSnsData.h */,
				A00BF1B61C4DCE2400A40E30 /* UMSocialSnsPlatformManager.h */,
				A00BF1B71C4DCE2400A40E30 /* UMSocialSnsService.h */,
			);
			path = Header;
			sourceTree = "<group>";
		};
		A00BF1B91C4DCE2400A40E30 /* SocialSDKXib */ = {
			isa = PBXGroup;
			children = (
				A00BF1BA1C4DCE2400A40E30 /* UMSCommentDetailController.xib */,
				A00BF1BB1C4DCE2400A40E30 /* UMSCommentInputController.xib */,
				A00BF1BC1C4DCE2400A40E30 /* UMSCommentInputControlleriPad.xib */,
				A00BF1BD1C4DCE2400A40E30 /* UMShareEditViewController.xib */,
				A00BF1BE1C4DCE2400A40E30 /* UMShareEditViewControlleriPad.xib */,
				A00BF1BF1C4DCE2400A40E30 /* UMSLoginViewController.xib */,
				A00BF1C01C4DCE2400A40E30 /* UMSnsAccountViewController.xib */,
				A00BF1C11C4DCE2400A40E30 /* UMSShareListController.xib */,
			);
			path = SocialSDKXib;
			sourceTree = "<group>";
		};
		A00BF1CF1C4DCE3100A40E30 /* UMSocial_Sdk_Extra_Frameworks */ = {
			isa = PBXGroup;
			children = (
				A00BF1D01C4DCE3100A40E30 /* Sina */,
				A00BF1D31C4DCE3100A40E30 /* SinaSSO */,
				A00BF1E11C4DCE3100A40E30 /* TencentOpenAPI */,
				A00BF1E61C4DCE3100A40E30 /* UMSocial_ScreenShot_Sdk */,
				A00BF1EA1C4DCE3100A40E30 /* UMSocial_Shake_Sdk */,
				A00BF1EE1C4DCE3100A40E30 /* Wechat */,
			);
			path = UMSocial_Sdk_Extra_Frameworks;
			sourceTree = "<group>";
		};
		A00BF1D01C4DCE3100A40E30 /* Sina */ = {
			isa = PBXGroup;
			children = (
				A00BF1D11C4DCE3100A40E30 /* libSocialSina.a */,
				A00BF1D21C4DCE3100A40E30 /* UMSocialSinaHandler.h */,
			);
			path = Sina;
			sourceTree = "<group>";
		};
		A00BF1D31C4DCE3100A40E30 /* SinaSSO */ = {
			isa = PBXGroup;
			children = (
				A00BF1D41C4DCE3100A40E30 /* libSocialSinaSSO.a */,
				A00BF1D51C4DCE3100A40E30 /* libWeiboSDK.a */,
				A00BF1D61C4DCE3100A40E30 /* UMSocialSinaSSOHandler.h */,
				A00BF1D71C4DCE3100A40E30 /* WBHttpRequest+WeiboShare.h */,
				A00BF1D81C4DCE3100A40E30 /* WBHttpRequest+WeiboToken.h */,
				A00BF1D91C4DCE3100A40E30 /* WBHttpRequest+WeiboUser.h */,
				A00BF1DA1C4DCE3100A40E30 /* WBHttpRequest.h */,
				A00BF1DB1C4DCE3100A40E30 /* WBSDKBasicButton.h */,
				A00BF1DC1C4DCE3100A40E30 /* WBSDKCommentButton.h */,
				A00BF1DD1C4DCE3100A40E30 /* WBSDKRelationshipButton.h */,
				A00BF1DE1C4DCE3100A40E30 /* WeiboSDK.bundle */,
				A00BF1DF1C4DCE3100A40E30 /* WeiboSDK.h */,
				A00BF1E01C4DCE3100A40E30 /* WeiboUser.h */,
			);
			path = SinaSSO;
			sourceTree = "<group>";
		};
		A00BF1E11C4DCE3100A40E30 /* TencentOpenAPI */ = {
			isa = PBXGroup;
			children = (
				A00BF1E21C4DCE3100A40E30 /* libSocialQQ.a */,
				A00BF1E31C4DCE3100A40E30 /* TencentOpenAPI.framework */,
				A00BF1E41C4DCE3100A40E30 /* TencentOpenApi_IOS_Bundle.bundle */,
				A00BF1E51C4DCE3100A40E30 /* UMSocialQQHandler.h */,
			);
			path = TencentOpenAPI;
			sourceTree = "<group>";
		};
		A00BF1E61C4DCE3100A40E30 /* UMSocial_ScreenShot_Sdk */ = {
			isa = PBXGroup;
			children = (
				A00BF1E71C4DCE3100A40E30 /* ios-social-sdk-shake.html */,
				A00BF1E81C4DCE3100A40E30 /* libUMSocial_Sdk_ScreenShot_1.0.a */,
				A00BF1E91C4DCE3100A40E30 /* UMSocialScreenShoter.h */,
			);
			path = UMSocial_ScreenShot_Sdk;
			sourceTree = "<group>";
		};
		A00BF1EA1C4DCE3100A40E30 /* UMSocial_Shake_Sdk */ = {
			isa = PBXGroup;
			children = (
				A00BF1EB1C4DCE3100A40E30 /* ios-social-sdk-shake.html */,
				A00BF1EC1C4DCE3100A40E30 /* libUMSocial_Sdk_Shake_1.0.a */,
				A00BF1ED1C4DCE3100A40E30 /* UMSocialShakeService.h */,
			);
			path = UMSocial_Shake_Sdk;
			sourceTree = "<group>";
		};
		A00BF1EE1C4DCE3100A40E30 /* Wechat */ = {
			isa = PBXGroup;
			children = (
				A00BF1EF1C4DCE3100A40E30 /* libSocialWechat.a */,
				A00BF1F01C4DCE3100A40E30 /* libWeChatSDK.a */,
				A00BF1F11C4DCE3100A40E30 /* UMSocialWechatHandler.h */,
				A00BF1F21C4DCE3100A40E30 /* WXApi.h */,
				A00BF1F31C4DCE3100A40E30 /* WXApiObject.h */,
			);
			path = Wechat;
			sourceTree = "<group>";
		};
		A00BF2011C4DCE3600A40E30 /* UMAnalytics_Sdk_3.5.8 */ = {
			isa = PBXGroup;
			children = (
				A00BF2021C4DCE3600A40E30 /* libMobClickLibrary.a */,
				A00BF2031C4DCE3600A40E30 /* MobClick.h */,
				A00BF2041C4DCE3600A40E30 /* MobClickSocialAnalytics.h */,
			);
			path = UMAnalytics_Sdk_3.5.8;
			sourceTree = "<group>";
		};
		A019EED01C1816C200BDDF1E /* ExplainView */ = {
			isa = PBXGroup;
			children = (
				A019EED11C1816E200BDDF1E /* ExplainViewController.h */,
				A019EED21C1816E200BDDF1E /* ExplainViewController.m */,
			);
			path = ExplainView;
			sourceTree = "<group>";
		};
		A019EED41C18205B00BDDF1E /* TipMask */ = {
			isa = PBXGroup;
			children = (
				A019EED51C18205B00BDDF1E /* CMPopTipView.h */,
				A019EED61C18205B00BDDF1E /* CMPopTipView.m */,
				A019EED71C18205B00BDDF1E /* TipMaskView.h */,
				A019EED81C18205B00BDDF1E /* TipMaskView.m */,
			);
			path = TipMask;
			sourceTree = "<group>";
		};
		A01D86871BF2D9BE003B28A4 = {
			isa = PBXGroup;
			children = (
				A00BF2011C4DCE3600A40E30 /* UMAnalytics_Sdk_3.5.8 */,
				A00BF1CF1C4DCE3100A40E30 /* UMSocial_Sdk_Extra_Frameworks */,
				A00BF1A91C4DCE2400A40E30 /* UMSocial_Sdk_4.2.3 */,
				A00BF1A51C4DCE1D00A40E30 /* UMessage_Sdk_1.1.0 */,
				A0B7C7621BF4DB5D003F7C48 /* MediaPlayer.framework */,
				A01D86BF1BF2DB21003B28A4 /* AssetsLibrary.framework */,
				A01D86921BF2D9BE003B28A4 /* Time */,
				A01D86AF1BF2D9BE003B28A4 /* TimeTests */,
				A01D86911BF2D9BE003B28A4 /* Products */,
				91AD0D961D034039438DBB08 /* Pods */,
				50AB14D0BC297A8303C136F1 /* Frameworks */,
			);
			sourceTree = "<group>";
		};
		A01D86911BF2D9BE003B28A4 /* Products */ = {
			isa = PBXGroup;
			children = (
				A01D86901BF2D9BE003B28A4 /* Time.app */,
				A01D86AC1BF2D9BE003B28A4 /* TimeTests.xctest */,
			);
			name = Products;
			sourceTree = "<group>";
		};
		A01D86921BF2D9BE003B28A4 /* Time */ = {
			isa = PBXGroup;
			children = (
				A0D866C81C157E1800158582 /* warm-interlude.mp3 */,
				A019EED01C1816C200BDDF1E /* ExplainView */,
				A0C21D8B1C031CE2002F354A /* ResourceView */,
				A0C21D871C031C13002F354A /* VideoView */,
				A09F19321C0070500046EC5C /* SlideMain */,
				A09F18C71C004DE40046EC5C /* LeftMenu */,
				A079E5721BFB21050021D502 /* Lib */,
				A079E5651BFB07A80021D502 /* Puzzle */,
				A0B7C76C1BF5D9D9003F7C48 /* PicSelect */,
				A0B7C7641BF57C0F003F7C48 /* FacePicker */,
				A01D86971BF2D9BE003B28A4 /* AppDelegate.h */,
				A01D86981BF2D9BE003B28A4 /* AppDelegate.m */,
				A01D86BC1BF2D9E3003B28A4 /* TimeIndexViewController.h */,
				A01D86BD1BF2D9E3003B28A4 /* TimeIndexViewController.m */,
				A09F18C01BFEFA440046EC5C /* GlassBallView.h */,
				A09F18C11BFEFA440046EC5C /* GlassBallView.m */,
				A09F18C31BFEFA5D0046EC5C /* GlassBall.xib */,
				A019EECE1C17D43100BDDF1E /* whalespinclear.gif */,
				A01D86A01BF2D9BE003B28A4 /* Main.storyboard */,
				A01D86A31BF2D9BE003B28A4 /* Images.xcassets */,
				A01D86A51BF2D9BE003B28A4 /* LaunchScreen.xib */,
				A01D869A1BF2D9BE003B28A4 /* Time.xcdatamodeld */,
				A01D86931BF2D9BE003B28A4 /* Supporting Files */,
			);
			path = Time;
			sourceTree = "<group>";
		};
		A01D86931BF2D9BE003B28A4 /* Supporting Files */ = {
			isa = PBXGroup;
			children = (
				A01D86941BF2D9BE003B28A4 /* Info.plist */,
				A01D86951BF2D9BE003B28A4 /* main.m */,
				A0B7C75B1BF46DF9003F7C48 /* PrefixHeader.pch */,
			);
			name = "Supporting Files";
			sourceTree = "<group>";
		};
		A01D86AF1BF2D9BE003B28A4 /* TimeTests */ = {
			isa = PBXGroup;
			children = (
				A01D86B21BF2D9BE003B28A4 /* TimeTests.m */,
				A01D86B01BF2D9BE003B28A4 /* Supporting Files */,
			);
			path = TimeTests;
			sourceTree = "<group>";
		};
		A01D86B01BF2D9BE003B28A4 /* Supporting Files */ = {
			isa = PBXGroup;
			children = (
				A01D86B11BF2D9BE003B28A4 /* Info.plist */,
			);
			name = "Supporting Files";
			sourceTree = "<group>";
		};
		A02DB1921C0EEDE800E8D85F /* color */ = {
			isa = PBXGroup;
			children = (
				A02DB1931C0EEDE800E8D85F /* UIColor+Colors.h */,
				A02DB1941C0EEDE800E8D85F /* UIColor+Colors.m */,
				A02DB1951C0EEDE800E8D85F /* UIFont+Fonts.h */,
				A02DB1961C0EEDE800E8D85F /* UIFont+Fonts.m */,
			);
			path = color;
			sourceTree = "<group>";
		};
		A02DB1991C0EFABF00E8D85F /* ALAssetsLibrary-CustomPhotoAlbum */ = {
			isa = PBXGroup;
			children = (
				A02DB19A1C0EFABF00E8D85F /* ALAssetsLibrary+CustomPhotoAlbum.h */,
				A02DB19B1C0EFABF00E8D85F /* ALAssetsLibrary+CustomPhotoAlbum.m */,
			);
			path = "ALAssetsLibrary-CustomPhotoAlbum";
			sourceTree = "<group>";
		};
		A079E5301BF9BD2A0021D502 /* SDWebImage */ = {
			isa = PBXGroup;
			children = (
				A079E5311BF9BD2A0021D502 /* MKAnnotationView+WebCache.h */,
				A079E5321BF9BD2A0021D502 /* MKAnnotationView+WebCache.m */,
				A079E5331BF9BD2A0021D502 /* NSData+ImageContentType.h */,
				A079E5341BF9BD2A0021D502 /* NSData+ImageContentType.m */,
				A079E5351BF9BD2A0021D502 /* SDImageCache.h */,
				A079E5361BF9BD2A0021D502 /* SDImageCache.m */,
				A079E5371BF9BD2A0021D502 /* SDWebImageCompat.h */,
				A079E5381BF9BD2A0021D502 /* SDWebImageCompat.m */,
				A079E5391BF9BD2A0021D502 /* SDWebImageDecoder.h */,
				A079E53A1BF9BD2A0021D502 /* SDWebImageDecoder.m */,
				A079E53B1BF9BD2A0021D502 /* SDWebImageDownloader.h */,
				A079E53C1BF9BD2A0021D502 /* SDWebImageDownloader.m */,
				A079E53D1BF9BD2A0021D502 /* SDWebImageDownloaderOperation.h */,
				A079E53E1BF9BD2A0021D502 /* SDWebImageDownloaderOperation.m */,
				A079E53F1BF9BD2A0021D502 /* SDWebImageManager.h */,
				A079E5401BF9BD2A0021D502 /* SDWebImageManager.m */,
				A079E5411BF9BD2A0021D502 /* SDWebImageOperation.h */,
				A079E5421BF9BD2A0021D502 /* SDWebImagePrefetcher.h */,
				A079E5431BF9BD2A0021D502 /* SDWebImagePrefetcher.m */,
				A079E5441BF9BD2A0021D502 /* UIButton+WebCache.h */,
				A079E5451BF9BD2A0021D502 /* UIButton+WebCache.m */,
				A079E5461BF9BD2A0021D502 /* UIImage+GIF.h */,
				A079E5471BF9BD2A0021D502 /* UIImage+GIF.m */,
				A079E5481BF9BD2A0021D502 /* UIImage+MultiFormat.h */,
				A079E5491BF9BD2A0021D502 /* UIImage+MultiFormat.m */,
				A079E54A1BF9BD2A0021D502 /* UIImage+WebP.h */,
				A079E54B1BF9BD2A0021D502 /* UIImage+WebP.m */,
				A079E54C1BF9BD2A0021D502 /* UIImageView+HighlightedWebCache.h */,
				A079E54D1BF9BD2A0021D502 /* UIImageView+HighlightedWebCache.m */,
				A079E54E1BF9BD2A0021D502 /* UIImageView+WebCache.h */,
				A079E54F1BF9BD2A0021D502 /* UIImageView+WebCache.m */,
				A079E5501BF9BD2A0021D502 /* UIView+WebCacheOperation.h */,
				A079E5511BF9BD2A0021D502 /* UIView+WebCacheOperation.m */,
			);
			path = SDWebImage;
			sourceTree = "<group>";
		};
		A079E5651BFB07A80021D502 /* Puzzle */ = {
			isa = PBXGroup;
			children = (
				A079E5661BFB07A80021D502 /* PuzzleImageEditView.h */,
				A079E5671BFB07A80021D502 /* PuzzleImageEditView.m */,
				A079E5691BFB08500021D502 /* PuzzleViewController.h */,
				A079E56A1BFB08500021D502 /* PuzzleViewController.m */,
			);
			path = Puzzle;
			sourceTree = "<group>";
		};
		A079E56E1BFB20F00021D502 /* ViedoMaker */ = {
			isa = PBXGroup;
			children = (
				A079E56F1BFB20F00021D502 /* CEMovieMaker.h */,
				A079E5701BFB20F00021D502 /* CEMovieMaker.m */,
			);
			path = ViedoMaker;
			sourceTree = "<group>";
		};
		A079E5721BFB21050021D502 /* Lib */ = {
			isa = PBXGroup;
			children = (
				A019EED41C18205B00BDDF1E /* TipMask */,
				A0BA031D1C1046EB00F5D9DA /* VIPhotoView */,
				A02DB1991C0EFABF00E8D85F /* ALAssetsLibrary-CustomPhotoAlbum */,
				A02DB1921C0EEDE800E8D85F /* color */,
				A0C21D701C02AC3C002F354A /* AMSlideMenu */,
				A0BA71411BFDC0850058D92F /* TransitionAnimaiton */,
				A0BA71381BFC6E800058D92F /* GifImage */,
				A0B7C7681BF5BFF8003F7C48 /* ccprogress */,
				A079E5301BF9BD2A0021D502 /* SDWebImage */,
				A079E56E1BFB20F00021D502 /* ViedoMaker */,
				A0C4A91A1C129842007C0740 /* MBProgressHUD+NJ.h */,
				A0C4A91B1C129842007C0740 /* MBProgressHUD+NJ.m */,
				A0D866C41C156B6400158582 /* TimeUtils.h */,
				A0D866C51C156B6400158582 /* TimeUtils.m */,
			);
			name = Lib;
			sourceTree = "<group>";
		};
		A09F18C71C004DE40046EC5C /* LeftMenu */ = {
			isa = PBXGroup;
			children = (
				A09F18C81C004DE40046EC5C /* LeftMenuTVC.h */,
				A09F18C91C004DE40046EC5C /* LeftMenuTVC.m */,
				A09F18CA1C004DE40046EC5C /* LeftMenuTVC.xib */,
			);
			path = LeftMenu;
			sourceTree = "<group>";
		};
		A09F19321C0070500046EC5C /* SlideMain */ = {
			isa = PBXGroup;
			children = (
				A09F19331C0071D10046EC5C /* MainViewController.h */,
				A09F19341C0071D10046EC5C /* MainViewController.m */,
			);
			path = SlideMain;
			sourceTree = "<group>";
		};
		A0B7C7641BF57C0F003F7C48 /* FacePicker */ = {
			isa = PBXGroup;
			children = (
				A0B7C7651BF57E13003F7C48 /* FacePicker.h */,
				A0B7C7661BF57E13003F7C48 /* FacePicker.m */,
			);
			path = FacePicker;
			sourceTree = "<group>";
		};
		A0B7C7681BF5BFF8003F7C48 /* ccprogress */ = {
			isa = PBXGroup;
			children = (
				A0B7C7691BF5BFF8003F7C48 /* CCProgressView.h */,
				A0B7C76A1BF5BFF8003F7C48 /* CCProgressView.m */,
			);
			path = ccprogress;
			sourceTree = "<group>";
		};
		A0B7C76C1BF5D9D9003F7C48 /* PicSelect */ = {
			isa = PBXGroup;
			children = (
				A0B7C76D1BF5E02B003F7C48 /* PicSelectViewController.h */,
				A0B7C76E1BF5E02B003F7C48 /* PicSelectViewController.m */,
				A079E4F91BF9788D0021D502 /* PicCollectionViewCell.h */,
				A079E4FA1BF9788D0021D502 /* PicCollectionViewCell.m */,
				A079E4FB1BF9788D0021D502 /* PicCollectionViewCell.xib */,
				A02DB18D1C0E99A100E8D85F /* DeleteView.h */,
				A02DB18E1C0E99A200E8D85F /* DeleteView.m */,
				A0C5FD4A1C11849300FC798A /* ResourceInfo.h */,
				A0C5FD4B1C11849300FC798A /* ResourceInfo.m */,
			);
			path = PicSelect;
			sourceTree = "<group>";
		};
		A0BA031D1C1046EB00F5D9DA /* VIPhotoView */ = {
			isa = PBXGroup;
			children = (
				A0BA031E1C1046EB00F5D9DA /* VIPhotoView.h */,
				A0BA031F1C1046EB00F5D9DA /* VIPhotoView.m */,
			);
			path = VIPhotoView;
			sourceTree = "<group>";
		};
		A0BA71381BFC6E800058D92F /* GifImage */ = {
			isa = PBXGroup;
			children = (
				A0BA71391BFC6E800058D92F /* GIFImage.h */,
				A0BA713A1BFC6E800058D92F /* GIFImage.m */,
				A0BA713B1BFC6E800058D92F /* GIFImageView.h */,
				A0BA713C1BFC6E800058D92F /* GIFImageView.m */,
			);
			path = GifImage;
			sourceTree = "<group>";
		};
		A0BA71411BFDC0850058D92F /* TransitionAnimaiton */ = {
			isa = PBXGroup;
			children = (
				A0BA71421BFDC0850058D92F /* InteractionTransitionAnimation.h */,
				A0BA71431BFDC0850058D92F /* InteractionTransitionAnimation.m */,
				A0BA71441BFDC0850058D92F /* InteractiveTrasitionAnimation.h */,
				A0BA71451BFDC0850058D92F /* InteractiveTrasitionAnimation.m */,
				A0BA71461BFDC0850058D92F /* Time_NacAnimation.h */,
				A0BA71471BFDC0850058D92F /* PopTransition.h */,
				A0BA71481BFDC0850058D92F /* PopTransition.m */,
				A0BA71491BFDC0850058D92F /* PushTransition.h */,
				A0BA714A1BFDC0850058D92F /* PushTransition.m */,
			);
			path = TransitionAnimaiton;
			sourceTree = "<group>";
		};
		A0C21D701C02AC3C002F354A /* AMSlideMenu */ = {
			isa = PBXGroup;
			children = (
				A0C21D711C02AC3C002F354A /* AMSlideMenuContentSegue.h */,
				A0C21D721C02AC3C002F354A /* AMSlideMenuContentSegue.m */,
				A0C21D731C02AC3C002F354A /* AMSlideMenuLeftMenuSegue.h */,
				A0C21D741C02AC3C002F354A /* AMSlideMenuLeftMenuSegue.m */,
				A0C21D751C02AC3C002F354A /* AMSlideMenuLeftTableViewController.h */,
				A0C21D761C02AC3C002F354A /* AMSlideMenuLeftTableViewController.m */,
				A0C21D771C02AC3C002F354A /* AMSlideMenuMainViewController.h */,
				A0C21D781C02AC3C002F354A /* AMSlideMenuMainViewController.m */,
				A0C21D791C02AC3C002F354A /* AMSlideMenuProtocols.h */,
				A0C21D7A1C02AC3C002F354A /* AMSlideMenuRightMenuSegue.h */,
				A0C21D7B1C02AC3C002F354A /* AMSlideMenuRightMenuSegue.m */,
				A0C21D7C1C02AC3C002F354A /* AMSlideMenuRightTableViewController.h */,
				A0C21D7D1C02AC3C002F354A /* AMSlideMenuRightTableViewController.m */,
				A0C21D7E1C02AC3C002F354A /* UIViewController+AMSlideMenu.h */,
				A0C21D7F1C02AC3C002F354A /* UIViewController+AMSlideMenu.m */,
			);
			path = AMSlideMenu;
			sourceTree = "<group>";
		};
		A0C21D871C031C13002F354A /* VideoView */ = {
			isa = PBXGroup;
			children = (
				A0C21D881C031C27002F354A /* ViedoViewController.h */,
				A0C21D891C031C27002F354A /* ViedoViewController.m */,
			);
			path = VideoView;
			sourceTree = "<group>";
		};
		A0C21D8B1C031CE2002F354A /* ResourceView */ = {
			isa = PBXGroup;
			children = (
				A0C21D8C1C031CF2002F354A /* ResourceViewController.h */,
				A0C21D8D1C031CF2002F354A /* ResourceViewController.m */,
				A0BA03141C0FEFAD00F5D9DA /* ResourceCollectionViewCell.h */,
				A0BA03151C0FEFAD00F5D9DA /* ResourceCollectionViewCell.m */,
				A0BA03161C0FEFAD00F5D9DA /* ResourceCollectionViewCell.xib */,
				A0BA03211C10471900F5D9DA /* ImageShowViewController.h */,
				A0BA03221C10471900F5D9DA /* ImageShowViewController.m */,
			);
			path = ResourceView;
			sourceTree = "<group>";
		};
/* End PBXGroup section */

/* Begin PBXNativeTarget section */
		A01D868F1BF2D9BE003B28A4 /* Time */ = {
			isa = PBXNativeTarget;
			buildConfigurationList = A01D86B61BF2D9BE003B28A4 /* Build configuration list for PBXNativeTarget "Time" */;
			buildPhases = (
				33515975223FCDB68216807A /* Check Pods Manifest.lock */,
				A01D868C1BF2D9BE003B28A4 /* Sources */,
				A01D868D1BF2D9BE003B28A4 /* Frameworks */,
				A01D868E1BF2D9BE003B28A4 /* Resources */,
				8DF98B48D100E1C4F53E0D5C /* Copy Pods Resources */,
			);
			buildRules = (
			);
			dependencies = (
			);
			name = Time;
			productName = Time;
			productReference = A01D86901BF2D9BE003B28A4 /* Time.app */;
			productType = "com.apple.product-type.application";
		};
		A01D86AB1BF2D9BE003B28A4 /* TimeTests */ = {
			isa = PBXNativeTarget;
			buildConfigurationList = A01D86B91BF2D9BE003B28A4 /* Build configuration list for PBXNativeTarget "TimeTests" */;
			buildPhases = (
				A01D86A81BF2D9BE003B28A4 /* Sources */,
				A01D86A91BF2D9BE003B28A4 /* Frameworks */,
				A01D86AA1BF2D9BE003B28A4 /* Resources */,
			);
			buildRules = (
			);
			dependencies = (
				A01D86AE1BF2D9BE003B28A4 /* PBXTargetDependency */,
			);
			name = TimeTests;
			productName = TimeTests;
			productReference = A01D86AC1BF2D9BE003B28A4 /* TimeTests.xctest */;
			productType = "com.apple.product-type.bundle.unit-test";
		};
/* End PBXNativeTarget section */

/* Begin PBXProject section */
		A01D86881BF2D9BE003B28A4 /* Project object */ = {
			isa = PBXProject;
			attributes = {
				LastUpgradeCheck = 0640;
				ORGANIZATIONNAME = yj;
				TargetAttributes = {
					A01D868F1BF2D9BE003B28A4 = {
						CreatedOnToolsVersion = 6.4;
						DevelopmentTeam = 44288HQHUY;
					};
					A01D86AB1BF2D9BE003B28A4 = {
						CreatedOnToolsVersion = 6.4;
						TestTargetID = A01D868F1BF2D9BE003B28A4;
					};
				};
			};
			buildConfigurationList = A01D868B1BF2D9BE003B28A4 /* Build configuration list for PBXProject "Time" */;
			compatibilityVersion = "Xcode 3.2";
			developmentRegion = English;
			hasScannedForEncodings = 0;
			knownRegions = (
				en,
				Base,
				"zh-Hans",
			);
			mainGroup = A01D86871BF2D9BE003B28A4;
			productRefGroup = A01D86911BF2D9BE003B28A4 /* Products */;
			projectDirPath = "";
			projectRoot = "";
			targets = (
				A01D868F1BF2D9BE003B28A4 /* Time */,
				A01D86AB1BF2D9BE003B28A4 /* TimeTests */,
			);
		};
/* End PBXProject section */

/* Begin PBXResourcesBuildPhase section */
		A01D868E1BF2D9BE003B28A4 /* Resources */ = {
			isa = PBXResourcesBuildPhase;
			buildActionMask = 2147483647;
			files = (
				A00BF1CC1C4DCE2400A40E30 /* UMSnsAccountViewController.xib in Resources */,
				A00BF1C91C4DCE2400A40E30 /* UMShareEditViewController.xib in Resources */,
				A01D86A21BF2D9BE003B28A4 /* Main.storyboard in Resources */,
				A079E4FD1BF9788D0021D502 /* PicCollectionViewCell.xib in Resources */,
				A00BF1C41C4DCE2400A40E30 /* UMSocialLocalizable.strings in Resources */,
				A0D866C91C157E1800158582 /* warm-interlude.mp3 in Resources */,
				A00BF1CA1C4DCE2400A40E30 /* UMShareEditViewControlleriPad.xib in Resources */,
				A00BF1FB1C4DCE3100A40E30 /* ios-social-sdk-shake.html in Resources */,
				A00BF1F71C4DCE3100A40E30 /* WeiboSDK.bundle in Resources */,
				A00BF1C61C4DCE2400A40E30 /* UMSCommentDetailController.xib in Resources */,
				A09F18CC1C004DE40046EC5C /* LeftMenuTVC.xib in Resources */,
				A00BF1CB1C4DCE2400A40E30 /* UMSLoginViewController.xib in Resources */,
				A00BF1C71C4DCE2400A40E30 /* UMSCommentInputController.xib in Resources */,
				A09F18C41BFEFA5D0046EC5C /* GlassBall.xib in Resources */,
				A01D86A71BF2D9BE003B28A4 /* LaunchScreen.xib in Resources */,
				A0BA03181C0FEFAD00F5D9DA /* ResourceCollectionViewCell.xib in Resources */,
				A00BF1CE1C4DCE2400A40E30 /* UMSocialSDKResourcesNew.bundle in Resources */,
				A019EECF1C17D43100BDDF1E /* whalespinclear.gif in Resources */,
				A00BF1C81C4DCE2400A40E30 /* UMSCommentInputControlleriPad.xib in Resources */,
				A00BF1FD1C4DCE3100A40E30 /* ios-social-sdk-shake.html in Resources */,
				A00BF1FA1C4DCE3100A40E30 /* TencentOpenApi_IOS_Bundle.bundle in Resources */,
				A01D86A41BF2D9BE003B28A4 /* Images.xcassets in Resources */,
				A00BF1CD1C4DCE2400A40E30 /* UMSShareListController.xib in Resources */,
			);
			runOnlyForDeploymentPostprocessing = 0;
		};
		A01D86AA1BF2D9BE003B28A4 /* Resources */ = {
			isa = PBXResourcesBuildPhase;
			buildActionMask = 2147483647;
			files = (
			);
			runOnlyForDeploymentPostprocessing = 0;
		};
/* End PBXResourcesBuildPhase section */

/* Begin PBXShellScriptBuildPhase section */
		33515975223FCDB68216807A /* Check Pods Manifest.lock */ = {
			isa = PBXShellScriptBuildPhase;
			buildActionMask = 2147483647;
			files = (
			);
			inputPaths = (
			);
			name = "Check Pods Manifest.lock";
			outputPaths = (
			);
			runOnlyForDeploymentPostprocessing = 0;
			shellPath = /bin/sh;
			shellScript = "diff \"${PODS_ROOT}/../Podfile.lock\" \"${PODS_ROOT}/Manifest.lock\" > /dev/null\nif [[ $? != 0 ]] ; then\n    cat << EOM\nerror: The sandbox is not in sync with the Podfile.lock. Run 'pod install' or update your CocoaPods installation.\nEOM\n    exit 1\nfi\n";
			showEnvVarsInLog = 0;
		};
		8DF98B48D100E1C4F53E0D5C /* Copy Pods Resources */ = {
			isa = PBXShellScriptBuildPhase;
			buildActionMask = 2147483647;
			files = (
			);
			inputPaths = (
			);
			name = "Copy Pods Resources";
			outputPaths = (
			);
			runOnlyForDeploymentPostprocessing = 0;
			shellPath = /bin/sh;
			shellScript = "\"${SRCROOT}/Pods/Target Support Files/Pods/Pods-resources.sh\"\n";
			showEnvVarsInLog = 0;
		};
/* End PBXShellScriptBuildPhase section */

/* Begin PBXSourcesBuildPhase section */
		A01D868C1BF2D9BE003B28A4 /* Sources */ = {
			isa = PBXSourcesBuildPhase;
			buildActionMask = 2147483647;
			files = (
				A02DB19C1C0EFABF00E8D85F /* ALAssetsLibrary+CustomPhotoAlbum.m in Sources */,
				A079E55F1BF9BD2A0021D502 /* UIImageView+HighlightedWebCache.m in Sources */,
				A0D866C61C156B6400158582 /* TimeUtils.m in Sources */,
				A079E5561BF9BD2A0021D502 /* SDWebImageDecoder.m in Sources */,
				A079E5601BF9BD2A0021D502 /* UIImageView+WebCache.m in Sources */,
				A0B7C76B1BF5BFF8003F7C48 /* CCProgressView.m in Sources */,
				A0BA714D1BFDC0850058D92F /* PopTransition.m in Sources */,
				A0C21D841C02AC3C002F354A /* AMSlideMenuRightMenuSegue.m in Sources */,
				A079E5581BF9BD2A0021D502 /* SDWebImageDownloaderOperation.m in Sources */,
				A0C21D821C02AC3C002F354A /* AMSlideMenuLeftTableViewController.m in Sources */,
				A079E5591BF9BD2A0021D502 /* SDWebImageManager.m in Sources */,
				A0B7C7671BF57E13003F7C48 /* FacePicker.m in Sources */,
				A0C21D811C02AC3C002F354A /* AMSlideMenuLeftMenuSegue.m in Sources */,
				A01D869C1BF2D9BE003B28A4 /* Time.xcdatamodeld in Sources */,
				A019EEDA1C18205B00BDDF1E /* TipMaskView.m in Sources */,
				A079E5571BF9BD2A0021D502 /* SDWebImageDownloader.m in Sources */,
				A09F18C21BFEFA440046EC5C /* GlassBallView.m in Sources */,
				A0C21D8E1C031CF2002F354A /* ResourceViewController.m in Sources */,
				A079E5521BF9BD2A0021D502 /* MKAnnotationView+WebCache.m in Sources */,
				A0BA713D1BFC6E800058D92F /* GIFImage.m in Sources */,
				A079E5551BF9BD2A0021D502 /* SDWebImageCompat.m in Sources */,
				A079E55A1BF9BD2A0021D502 /* SDWebImagePrefetcher.m in Sources */,
				A0BA03171C0FEFAD00F5D9DA /* ResourceCollectionViewCell.m in Sources */,
				A0C21D8A1C031C27002F354A /* ViedoViewController.m in Sources */,
				A0BA713E1BFC6E810058D92F /* GIFImageView.m in Sources */,
				A079E5611BF9BD2A0021D502 /* UIView+WebCacheOperation.m in Sources */,
				A0C21D861C02AC3C002F354A /* UIViewController+AMSlideMenu.m in Sources */,
				A019EED31C1816E200BDDF1E /* ExplainViewController.m in Sources */,
				A019EED91C18205B00BDDF1E /* CMPopTipView.m in Sources */,
				A0C4A91C1C129842007C0740 /* MBProgressHUD+NJ.m in Sources */,
				A079E56B1BFB08500021D502 /* PuzzleViewController.m in Sources */,
				A079E55D1BF9BD2A0021D502 /* UIImage+MultiFormat.m in Sources */,
				A0BA03231C10471900F5D9DA /* ImageShowViewController.m in Sources */,
				A0C5FD4C1C11849300FC798A /* ResourceInfo.m in Sources */,
				A02DB18F1C0E99A200E8D85F /* DeleteView.m in Sources */,
				A09F19351C0071D10046EC5C /* MainViewController.m in Sources */,
				A01D86991BF2D9BE003B28A4 /* AppDelegate.m in Sources */,
				A0BA714B1BFDC0850058D92F /* InteractionTransitionAnimation.m in Sources */,
				A0C21D851C02AC3C002F354A /* AMSlideMenuRightTableViewController.m in Sources */,
				A01D86BE1BF2D9E3003B28A4 /* TimeIndexViewController.m in Sources */,
				A079E55B1BF9BD2A0021D502 /* UIButton+WebCache.m in Sources */,
				A01D86961BF2D9BE003B28A4 /* main.m in Sources */,
				A0BA714C1BFDC0850058D92F /* InteractiveTrasitionAnimation.m in Sources */,
				A079E5541BF9BD2A0021D502 /* SDImageCache.m in Sources */,
				A02DB1981C0EEDE800E8D85F /* UIFont+Fonts.m in Sources */,
				A0BA714E1BFDC0850058D92F /* PushTransition.m in Sources */,
				A079E4FC1BF9788D0021D502 /* PicCollectionViewCell.m in Sources */,
				A02DB1971C0EEDE800E8D85F /* UIColor+Colors.m in Sources */,
				A079E5681BFB07A80021D502 /* PuzzleImageEditView.m in Sources */,
				A0BA03201C1046EB00F5D9DA /* VIPhotoView.m in Sources */,
				A0B7C76F1BF5E02B003F7C48 /* PicSelectViewController.m in Sources */,
				A079E55C1BF9BD2A0021D502 /* UIImage+GIF.m in Sources */,
				A0C21D831C02AC3C002F354A /* AMSlideMenuMainViewController.m in Sources */,
				A079E5531BF9BD2A0021D502 /* NSData+ImageContentType.m in Sources */,
				A0C21D801C02AC3C002F354A /* AMSlideMenuContentSegue.m in Sources */,
				A09F18CB1C004DE40046EC5C /* LeftMenuTVC.m in Sources */,
				A079E55E1BF9BD2A0021D502 /* UIImage+WebP.m in Sources */,
				A079E5711BFB20F00021D502 /* CEMovieMaker.m in Sources */,
			);
			runOnlyForDeploymentPostprocessing = 0;
		};
		A01D86A81BF2D9BE003B28A4 /* Sources */ = {
			isa = PBXSourcesBuildPhase;
			buildActionMask = 2147483647;
			files = (
				A01D86B31BF2D9BE003B28A4 /* TimeTests.m in Sources */,
			);
			runOnlyForDeploymentPostprocessing = 0;
		};
/* End PBXSourcesBuildPhase section */

/* Begin PBXTargetDependency section */
		A01D86AE1BF2D9BE003B28A4 /* PBXTargetDependency */ = {
			isa = PBXTargetDependency;
			target = A01D868F1BF2D9BE003B28A4 /* Time */;
			targetProxy = A01D86AD1BF2D9BE003B28A4 /* PBXContainerItemProxy */;
		};
/* End PBXTargetDependency section */

/* Begin PBXVariantGroup section */
		A00BF1AA1C4DCE2400A40E30 /* UMSocialLocalizable.strings */ = {
			isa = PBXVariantGroup;
			children = (
				A00BF1AB1C4DCE2400A40E30 /* en */,
				A00BF1C31C4DCE2400A40E30 /* zh-Hans */,
			);
			name = UMSocialLocalizable.strings;
			sourceTree = "<group>";
		};
		A01D86A01BF2D9BE003B28A4 /* Main.storyboard */ = {
			isa = PBXVariantGroup;
			children = (
				A01D86A11BF2D9BE003B28A4 /* Base */,
			);
			name = Main.storyboard;
			sourceTree = "<group>";
		};
		A01D86A51BF2D9BE003B28A4 /* LaunchScreen.xib */ = {
			isa = PBXVariantGroup;
			children = (
				A01D86A61BF2D9BE003B28A4 /* Base */,
			);
			name = LaunchScreen.xib;
			sourceTree = "<group>";
		};
/* End PBXVariantGroup section */

/* Begin XCBuildConfiguration section */
		A01D86B41BF2D9BE003B28A4 /* Debug */ = {
			isa = XCBuildConfiguration;
			buildSettings = {
				ALWAYS_SEARCH_USER_PATHS = NO;
				CLANG_CXX_LANGUAGE_STANDARD = "gnu++0x";
				CLANG_CXX_LIBRARY = "libc++";
				CLANG_ENABLE_MODULES = YES;
				CLANG_ENABLE_OBJC_ARC = YES;
				CLANG_WARN_BOOL_CONVERSION = YES;
				CLANG_WARN_CONSTANT_CONVERSION = YES;
				CLANG_WARN_DIRECT_OBJC_ISA_USAGE = YES_ERROR;
				CLANG_WARN_EMPTY_BODY = YES;
				CLANG_WARN_ENUM_CONVERSION = YES;
				CLANG_WARN_INT_CONVERSION = YES;
				CLANG_WARN_OBJC_ROOT_CLASS = YES_ERROR;
				CLANG_WARN_UNREACHABLE_CODE = YES;
				CLANG_WARN__DUPLICATE_METHOD_MATCH = YES;
				CODE_SIGN_IDENTITY = "iPhone Distribution: jian yu (44288HQHUY)";
				"CODE_SIGN_IDENTITY[sdk=iphoneos*]" = "iPhone Distribution: jian yu (44288HQHUY)";
				COPY_PHASE_STRIP = NO;
				DEBUG_INFORMATION_FORMAT = "dwarf-with-dsym";
				ENABLE_STRICT_OBJC_MSGSEND = YES;
				GCC_C_LANGUAGE_STANDARD = gnu99;
				GCC_DYNAMIC_NO_PIC = NO;
				GCC_NO_COMMON_BLOCKS = YES;
				GCC_OPTIMIZATION_LEVEL = 0;
				GCC_PREPROCESSOR_DEFINITIONS = (
					"DEBUG=1",
					"$(inherited)",
				);
				GCC_SYMBOLS_PRIVATE_EXTERN = NO;
				GCC_WARN_64_TO_32_BIT_CONVERSION = YES;
				GCC_WARN_ABOUT_RETURN_TYPE = YES_ERROR;
				GCC_WARN_UNDECLARED_SELECTOR = YES;
				GCC_WARN_UNINITIALIZED_AUTOS = YES_AGGRESSIVE;
				GCC_WARN_UNUSED_FUNCTION = YES;
				GCC_WARN_UNUSED_VARIABLE = YES;
				IPHONEOS_DEPLOYMENT_TARGET = 7.0;
				MTL_ENABLE_DEBUG_INFO = YES;
				ONLY_ACTIVE_ARCH = YES;
				PROVISIONING_PROFILE = "c48b9b83-2061-4a10-ad78-cb39c25d51a1";
				SDKROOT = iphoneos;
				TARGETED_DEVICE_FAMILY = "1,2";
			};
			name = Debug;
		};
		A01D86B51BF2D9BE003B28A4 /* Release */ = {
			isa = XCBuildConfiguration;
			buildSettings = {
				ALWAYS_SEARCH_USER_PATHS = NO;
				CLANG_CXX_LANGUAGE_STANDARD = "gnu++0x";
				CLANG_CXX_LIBRARY = "libc++";
				CLANG_ENABLE_MODULES = YES;
				CLANG_ENABLE_OBJC_ARC = YES;
				CLANG_WARN_BOOL_CONVERSION = YES;
				CLANG_WARN_CONSTANT_CONVERSION = YES;
				CLANG_WARN_DIRECT_OBJC_ISA_USAGE = YES_ERROR;
				CLANG_WARN_EMPTY_BODY = YES;
				CLANG_WARN_ENUM_CONVERSION = YES;
				CLANG_WARN_INT_CONVERSION = YES;
				CLANG_WARN_OBJC_ROOT_CLASS = YES_ERROR;
				CLANG_WARN_UNREACHABLE_CODE = YES;
				CLANG_WARN__DUPLICATE_METHOD_MATCH = YES;
				CODE_SIGN_IDENTITY = "iPhone Distribution: jian yu (44288HQHUY)";
				"CODE_SIGN_IDENTITY[sdk=iphoneos*]" = "iPhone Distribution: jian yu (44288HQHUY)";
				COPY_PHASE_STRIP = NO;
				DEBUG_INFORMATION_FORMAT = "dwarf-with-dsym";
				ENABLE_NS_ASSERTIONS = NO;
				ENABLE_STRICT_OBJC_MSGSEND = YES;
				GCC_C_LANGUAGE_STANDARD = gnu99;
				GCC_NO_COMMON_BLOCKS = YES;
				GCC_WARN_64_TO_32_BIT_CONVERSION = YES;
				GCC_WARN_ABOUT_RETURN_TYPE = YES_ERROR;
				GCC_WARN_UNDECLARED_SELECTOR = YES;
				GCC_WARN_UNINITIALIZED_AUTOS = YES_AGGRESSIVE;
				GCC_WARN_UNUSED_FUNCTION = YES;
				GCC_WARN_UNUSED_VARIABLE = YES;
				IPHONEOS_DEPLOYMENT_TARGET = 7.0;
				MTL_ENABLE_DEBUG_INFO = NO;
				PROVISIONING_PROFILE = "c48b9b83-2061-4a10-ad78-cb39c25d51a1";
				SDKROOT = iphoneos;
				TARGETED_DEVICE_FAMILY = "1,2";
				VALIDATE_PRODUCT = YES;
			};
			name = Release;
		};
		A01D86B71BF2D9BE003B28A4 /* Debug */ = {
			isa = XCBuildConfiguration;
			baseConfigurationReference = 32C7192E3C05ED2608B6C915 /* Pods.debug.xcconfig */;
			buildSettings = {
				ASSETCATALOG_COMPILER_APPICON_NAME = AppIcon;
				ASSETCATALOG_COMPILER_LAUNCHIMAGE_NAME = LaunchImage;
				CLANG_CXX_LANGUAGE_STANDARD = "c++0x";
				CLANG_CXX_LIBRARY = "libc++";
				CODE_SIGN_IDENTITY = "iPhone Distribution: jian yu (44288HQHUY)";
				"CODE_SIGN_IDENTITY[sdk=iphoneos*]" = "iPhone Distribution: jian yu (44288HQHUY)";
				ENABLE_BITCODE = NO;
				FRAMEWORK_SEARCH_PATHS = (
					"$(inherited)",
					"$(PROJECT_DIR)/Time/Social/UMSocial_Sdk_Extra_Frameworks/TencentOpenAPI",
					"$(PROJECT_DIR)",
					"$(PROJECT_DIR)/UMSocial_Sdk_Extra_Frameworks/TencentOpenAPI",
				);
				GCC_PREFIX_HEADER = Time/PrefixHeader.pch;
				INFOPLIST_FILE = Time/Info.plist;
				IPHONEOS_DEPLOYMENT_TARGET = 7.0;
				LD_RUNPATH_SEARCH_PATHS = "$(inherited) @executable_path/Frameworks";
				LIBRARY_SEARCH_PATHS = (
					"$(inherited)",
					"$(PROJECT_DIR)/Time/Social/UMessage_Sdk_1.1.0",
					"$(PROJECT_DIR)/Time/Social/UMSocial_Sdk_4.2.3",
					"$(PROJECT_DIR)/Time/Social/UMSocial_Sdk_Extra_Frameworks/Sina",
					"$(PROJECT_DIR)/Time/Social/UMSocial_Sdk_Extra_Frameworks/SinaSSO",
					"$(PROJECT_DIR)/Time/Social/UMSocial_Sdk_Extra_Frameworks/TencentOpenAPI",
					"$(PROJECT_DIR)/Time/Social/UMSocial_Sdk_Extra_Frameworks/UMSocial_ScreenShot_Sdk",
					"$(PROJECT_DIR)/Time/Social/UMSocial_Sdk_Extra_Frameworks/UMSocial_Shake_Sdk",
					"$(PROJECT_DIR)/Time/Social/UMSocial_Sdk_Extra_Frameworks/Wechat",
					"$(PROJECT_DIR)/Time/Social/WeChatSDK_1.5",
					"$(PROJECT_DIR)/Time/Social/UMAnalytics_Sdk_3.5.8",
					"$(PROJECT_DIR)/FaceppLocalDetectorSDK",
					"$(PROJECT_DIR)/UMessage_Sdk_1.1.0",
					"$(PROJECT_DIR)/UMSocial_Sdk_4.2.3",
					"$(PROJECT_DIR)/UMSocial_Sdk_Extra_Frameworks/Sina",
					"$(PROJECT_DIR)/UMSocial_Sdk_Extra_Frameworks/SinaSSO",
					"$(PROJECT_DIR)/UMSocial_Sdk_Extra_Frameworks/TencentOpenAPI",
					"$(PROJECT_DIR)/UMSocial_Sdk_Extra_Frameworks/UMSocial_ScreenShot_Sdk",
					"$(PROJECT_DIR)/UMSocial_Sdk_Extra_Frameworks/UMSocial_Shake_Sdk",
					"$(PROJECT_DIR)/UMSocial_Sdk_Extra_Frameworks/Wechat",
					"$(PROJECT_DIR)/UMAnalytics_Sdk_3.5.8",
				);
				OTHER_LDFLAGS = (
					"$(inherited)",
					"-ObjC",
					"-l\"Pods-EGOCache\"",
					"-l\"Pods-MBProgressHUD\"",
					"-l\"Pods-iOS-Slide-Menu\"",
					"-framework",
					"\"CoreGraphics\"",
					"-framework",
					"\"Foundation\"",
					"-framework",
					"\"UIKit\"",
					"-lsqlite3",
					"-lc++",
					"-licucore",
					"-lz",
				);
				PRODUCT_NAME = "$(TARGET_NAME)";
				PROVISIONING_PROFILE = "c48b9b83-2061-4a10-ad78-cb39c25d51a1";
			};
			name = Debug;
		};
		A01D86B81BF2D9BE003B28A4 /* Release */ = {
			isa = XCBuildConfiguration;
			baseConfigurationReference = 3892C11DD73EE3A059F0505B /* Pods.release.xcconfig */;
			buildSettings = {
				ASSETCATALOG_COMPILER_APPICON_NAME = AppIcon;
				ASSETCATALOG_COMPILER_LAUNCHIMAGE_NAME = LaunchImage;
				CLANG_CXX_LANGUAGE_STANDARD = "c++0x";
				CLANG_CXX_LIBRARY = "libc++";
				CODE_SIGN_IDENTITY = "iPhone Distribution: jian yu (44288HQHUY)";
				"CODE_SIGN_IDENTITY[sdk=iphoneos*]" = "iPhone Distribution: jian yu (44288HQHUY)";
				ENABLE_BITCODE = NO;
				FRAMEWORK_SEARCH_PATHS = (
					"$(inherited)",
					"$(PROJECT_DIR)/Time/Social/UMSocial_Sdk_Extra_Frameworks/TencentOpenAPI",
					"$(PROJECT_DIR)",
					"$(PROJECT_DIR)/UMSocial_Sdk_Extra_Frameworks/TencentOpenAPI",
				);
				GCC_PREFIX_HEADER = Time/PrefixHeader.pch;
				INFOPLIST_FILE = Time/Info.plist;
				IPHONEOS_DEPLOYMENT_TARGET = 7.0;
				LD_RUNPATH_SEARCH_PATHS = "$(inherited) @executable_path/Frameworks";
				LIBRARY_SEARCH_PATHS = (
					"$(inherited)",
					"$(PROJECT_DIR)/Time/Social/UMessage_Sdk_1.1.0",
					"$(PROJECT_DIR)/Time/Social/UMSocial_Sdk_4.2.3",
					"$(PROJECT_DIR)/Time/Social/UMSocial_Sdk_Extra_Frameworks/Sina",
					"$(PROJECT_DIR)/Time/Social/UMSocial_Sdk_Extra_Frameworks/SinaSSO",
					"$(PROJECT_DIR)/Time/Social/UMSocial_Sdk_Extra_Frameworks/TencentOpenAPI",
					"$(PROJECT_DIR)/Time/Social/UMSocial_Sdk_Extra_Frameworks/UMSocial_ScreenShot_Sdk",
					"$(PROJECT_DIR)/Time/Social/UMSocial_Sdk_Extra_Frameworks/UMSocial_Shake_Sdk",
					"$(PROJECT_DIR)/Time/Social/UMSocial_Sdk_Extra_Frameworks/Wechat",
					"$(PROJECT_DIR)/Time/Social/WeChatSDK_1.5",
					"$(PROJECT_DIR)/Time/Social/UMAnalytics_Sdk_3.5.8",
					"$(PROJECT_DIR)/FaceppLocalDetectorSDK",
					"$(PROJECT_DIR)/UMessage_Sdk_1.1.0",
					"$(PROJECT_DIR)/UMSocial_Sdk_4.2.3",
					"$(PROJECT_DIR)/UMSocial_Sdk_Extra_Frameworks/Sina",
					"$(PROJECT_DIR)/UMSocial_Sdk_Extra_Frameworks/SinaSSO",
					"$(PROJECT_DIR)/UMSocial_Sdk_Extra_Frameworks/TencentOpenAPI",
					"$(PROJECT_DIR)/UMSocial_Sdk_Extra_Frameworks/UMSocial_ScreenShot_Sdk",
					"$(PROJECT_DIR)/UMSocial_Sdk_Extra_Frameworks/UMSocial_Shake_Sdk",
					"$(PROJECT_DIR)/UMSocial_Sdk_Extra_Frameworks/Wechat",
					"$(PROJECT_DIR)/UMAnalytics_Sdk_3.5.8",
				);
				OTHER_LDFLAGS = (
					"$(inherited)",
					"-ObjC",
					"-l\"Pods-EGOCache\"",
					"-l\"Pods-MBProgressHUD\"",
					"-l\"Pods-iOS-Slide-Menu\"",
					"-framework",
					"\"CoreGraphics\"",
					"-framework",
					"\"Foundation\"",
					"-framework",
					"\"UIKit\"",
					"-lsqlite3",
					"-lc++",
					"-licucore",
					"-lz",
				);
				PRODUCT_NAME = "$(TARGET_NAME)";
				PROVISIONING_PROFILE = "c48b9b83-2061-4a10-ad78-cb39c25d51a1";
			};
			name = Release;
		};
		A01D86BA1BF2D9BE003B28A4 /* Debug */ = {
			isa = XCBuildConfiguration;
			buildSettings = {
				BUNDLE_LOADER = "$(TEST_HOST)";
				FRAMEWORK_SEARCH_PATHS = (
					"$(SDKROOT)/Developer/Library/Frameworks",
					"$(inherited)",
				);
				GCC_PREPROCESSOR_DEFINITIONS = (
					"DEBUG=1",
					"$(inherited)",
				);
				INFOPLIST_FILE = TimeTests/Info.plist;
				LD_RUNPATH_SEARCH_PATHS = "$(inherited) @executable_path/Frameworks @loader_path/Frameworks";
				PRODUCT_NAME = "$(TARGET_NAME)";
				TEST_HOST = "$(BUILT_PRODUCTS_DIR)/Time.app/Time";
			};
			name = Debug;
		};
		A01D86BB1BF2D9BE003B28A4 /* Release */ = {
			isa = XCBuildConfiguration;
			buildSettings = {
				BUNDLE_LOADER = "$(TEST_HOST)";
				FRAMEWORK_SEARCH_PATHS = (
					"$(SDKROOT)/Developer/Library/Frameworks",
					"$(inherited)",
				);
				INFOPLIST_FILE = TimeTests/Info.plist;
				LD_RUNPATH_SEARCH_PATHS = "$(inherited) @executable_path/Frameworks @loader_path/Frameworks";
				PRODUCT_NAME = "$(TARGET_NAME)";
				TEST_HOST = "$(BUILT_PRODUCTS_DIR)/Time.app/Time";
			};
			name = Release;
		};
/* End XCBuildConfiguration section */

/* Begin XCConfigurationList section */
		A01D868B1BF2D9BE003B28A4 /* Build configuration list for PBXProject "Time" */ = {
			isa = XCConfigurationList;
			buildConfigurations = (
				A01D86B41BF2D9BE003B28A4 /* Debug */,
				A01D86B51BF2D9BE003B28A4 /* Release */,
			);
			defaultConfigurationIsVisible = 0;
			defaultConfigurationName = Release;
		};
		A01D86B61BF2D9BE003B28A4 /* Build configuration list for PBXNativeTarget "Time" */ = {
			isa = XCConfigurationList;
			buildConfigurations = (
				A01D86B71BF2D9BE003B28A4 /* Debug */,
				A01D86B81BF2D9BE003B28A4 /* Release */,
			);
			defaultConfigurationIsVisible = 0;
			defaultConfigurationName = Release;
		};
		A01D86B91BF2D9BE003B28A4 /* Build configuration list for PBXNativeTarget "TimeTests" */ = {
			isa = XCConfigurationList;
			buildConfigurations = (
				A01D86BA1BF2D9BE003B28A4 /* Debug */,
				A01D86BB1BF2D9BE003B28A4 /* Release */,
			);
			defaultConfigurationIsVisible = 0;
			defaultConfigurationName = Release;
		};
/* End XCConfigurationList section */

/* Begin XCVersionGroup section */
		A01D869A1BF2D9BE003B28A4 /* Time.xcdatamodeld */ = {
			isa = XCVersionGroup;
			children = (
				A01D869B1BF2D9BE003B28A4 /* Time.xcdatamodel */,
			);
			currentVersion = A01D869B1BF2D9BE003B28A4 /* Time.xcdatamodel */;
			path = Time.xcdatamodeld;
			sourceTree = "<group>";
			versionGroupType = wrapper.xcdatamodel;
		};
/* End XCVersionGroup section */
	};
	rootObject = A01D86881BF2D9BE003B28A4 /* Project object */;
}
